<?xml version="1.0" encoding="utf-8"?>
<Project ToolsVersion="4.0" xmlns="http://schemas.microsoft.com/developer/msbuild/2003">
  <ItemGroup>
    <Filter Include="Source Files">
      <UniqueIdentifier>{4FC737F1-C7A5-4376-A066-2A32D752A2FF}</UniqueIdentifier>
      <Extensions>cpp;c;cc;cxx;c++;cppm;ixx;def;odl;idl;hpj;bat;asm;asmx</Extensions>
    </Filter>
    <Filter Include="Header Files">
      <UniqueIdentifier>{93995380-89BD-4b04-88EB-625FBE52EBFB}</UniqueIdentifier>
      <Extensions>h;hh;hpp;hxx;h++;hm;inl;inc;ipp;xsd</Extensions>
    </Filter>
    <Filter Include="Resource Files">
      <UniqueIdentifier>{67DA6AB6-F800-4c08-8B7A-83BB121AAD01}</UniqueIdentifier>
      <Extensions>rc;ico;cur;bmp;dlg;rc2;rct;bin;rgs;gif;jpg;jpeg;jpe;resx;tiff;tif;png;wav;mfcribbon-ms</Extensions>
    </Filter>
  </ItemGroup>
  <ItemGroup>
    <ClInclude Include="framework.h">
      <Filter>Header Files</Filter>
    </ClInclude>
    <ClInclude Include="pch.h">
      <Filter>Header Files</Filter>
    </ClInclude>
    <ClInclude Include="norm_data.h">
      <Filter>Header Files</Filter>
    </ClInclude>
    <ClInclude Include="NormData.h">
      <Filter>Header Files</Filter>
    </ClInclude>
    <ClInclude Include="DiscRnflTsnitGraph.h">
      <Filter>Header Files</Filter>
    </ClInclude>
    <ClInclude Include="NormArchive.h">
      <Filter>Header Files</Filter>
    </ClInclude>
    <ClInclude Include="NormBisectGCC.h">
      <Filter>Header Files</Filter>
    </ClInclude>
    <ClInclude Include="NormClockNFL.h">
      <Filter>Header Files</Filter>
    </ClInclude>
    <ClInclude Include="NormClockRPE.h">
      <Filter>Header Files</Filter>
    </ClInclude>
    <ClInclude Include="NormDeviationMap.h">
      <Filter>Header Files</Filter>
    </ClInclude>
    <ClInclude Include="NormDiscInfo.h">
      <Filter>Header Files</Filter>
    </ClInclude>
    <ClInclude Include="NormDiscNFL.h">
      <Filter>Header Files</Filter>
    </ClInclude>
    <ClInclude Include="NormDiscRPE.h">
      <Filter>Header Files</Filter>
    </ClInclude>
    <ClInclude Include="NormETDRS.h">
      <Filter>Header Files</Filter>
    </ClInclude>
    <ClInclude Include="NormGCC.h">
      <Filter>Header Files</Filter>
    </ClInclude>
    <ClInclude Include="NormMacularIPL.h">
      <Filter>Header Files</Filter>
    </ClInclude>
    <ClInclude Include="NormMacularRPE.h">
      <Filter>Header Files</Filter>
    </ClInclude>
    <ClInclude Include="NormQuadNFL.h">
      <Filter>Header Files</Filter>
    </ClInclude>
    <ClInclude Include="NormQuadRPE.h">
      <Filter>Header Files</Filter>
    </ClInclude>
    <ClInclude Include="NormRNFLAverage.h">
      <Filter>Header Files</Filter>
    </ClInclude>
    <ClInclude Include="NormRNFLSymmetry.h">
      <Filter>Header Files</Filter>
    </ClInclude>
    <ClInclude Include="NormTSNIT.h">
      <Filter>Header Files</Filter>
    </ClInclude>
  </ItemGroup>
  <ItemGroup>
    <ClCompile Include="dllmain.cpp">
      <Filter>Source Files</Filter>
    </ClCompile>
    <ClCompile Include="pch.cpp">
      <Filter>Source Files</Filter>
    </ClCompile>
    <ClCompile Include="Backup.cpp">
      <Filter>Source Files</Filter>
    </ClCompile>
    <ClCompile Include="Column.cpp">
      <Filter>Source Files</Filter>
    </ClCompile>
    <ClCompile Include="Database.cpp">
      <Filter>Source Files</Filter>
    </ClCompile>
    <ClCompile Include="DiscRnflTsnitGraph.cpp">
      <Filter>Source Files</Filter>
    </ClCompile>
    <ClCompile Include="Exception.cpp">
      <Filter>Source Files</Filter>
    </ClCompile>
    <ClCompile Include="NormArchive.cpp">
      <Filter>Source Files</Filter>
    </ClCompile>
    <ClCompile Include="NormBisectGCC.cpp">
      <Filter>Source Files</Filter>
    </ClCompile>
    <ClCompile Include="NormClockNFL.cpp">
      <Filter>Source Files</Filter>
    </ClCompile>
    <ClCompile Include="NormClockRPE.cpp">
      <Filter>Source Files</Filter>
    </ClCompile>
    <ClCompile Include="NormDeviationMap.cpp">
      <Filter>Source Files</Filter>
    </ClCompile>
    <ClCompile Include="NormDiscInfo.cpp">
      <Filter>Source Files</Filter>
    </ClCompile>
    <ClCompile Include="NormDiscNFL.cpp">
      <Filter>Source Files</Filter>
    </ClCompile>
    <ClCompile Include="NormDiscRPE.cpp">
      <Filter>Source Files</Filter>
    </ClCompile>
    <ClCompile Include="NormETDRS.cpp">
      <Filter>Source Files</Filter>
    </ClCompile>
    <ClCompile Include="NormGCC.cpp">
      <Filter>Source Files</Filter>
    </ClCompile>
    <ClCompile Include="NormMacularIPL.cpp">
      <Filter>Source Files</Filter>
    </ClCompile>
    <ClCompile Include="NormMacularRPE.cpp">
      <Filter>Source Files</Filter>
    </ClCompile>
    <ClCompile Include="NormQuadNFL.cpp">
      <Filter>Source Files</Filter>
    </ClCompile>
    <ClCompile Include="NormQuadRPE.cpp">
      <Filter>Source Files</Filter>
    </ClCompile>
    <ClCompile Include="NormRNFLAverage.cpp">
      <Filter>Source Files</Filter>
    </ClCompile>
    <ClCompile Include="NormRNFLSymmetry.cpp">
      <Filter>Source Files</Filter>
    </ClCompile>
    <ClCompile Include="NormTSNIT.cpp">
      <Filter>Source Files</Filter>
    </ClCompile>
    <ClCompile Include="Statement.cpp">
      <Filter>Source Files</Filter>
    </ClCompile>
    <ClCompile Include="Transaction.cpp">
      <Filter>Source Files</Filter>
    </ClCompile>
  </ItemGroup>
  <ItemGroup>
    <None Include="packages.config" />
  </ItemGroup>
</Project>