<?xml version="1.0" encoding="utf-8"?>
<Project ToolsVersion="4.0" xmlns="http://schemas.microsoft.com/developer/msbuild/2003">
  <ItemGroup>
    <Filter Include="Source Files">
      <UniqueIdentifier>{4FC737F1-C7A5-4376-A066-2A32D752A2FF}</UniqueIdentifier>
      <Extensions>cpp;c;cc;cxx;c++;cppm;ixx;def;odl;idl;hpj;bat;asm;asmx</Extensions>
    </Filter>
    <Filter Include="Header Files">
      <UniqueIdentifier>{93995380-89BD-4b04-88EB-625FBE52EBFB}</UniqueIdentifier>
      <Extensions>h;hh;hpp;hxx;h++;hm;inl;inc;ipp;xsd</Extensions>
    </Filter>
    <Filter Include="Resource Files">
      <UniqueIdentifier>{67DA6AB6-F800-4c08-8B7A-83BB121AAD01}</UniqueIdentifier>
      <Extensions>rc;ico;cur;bmp;dlg;rc2;rct;bin;rgs;gif;jpg;jpeg;jpe;resx;tiff;tif;png;wav;mfcribbon-ms</Extensions>
    </Filter>
  </ItemGroup>
  <ItemGroup>
    <ClInclude Include="framework.h">
      <Filter>Header Files</Filter>
    </ClInclude>
    <ClInclude Include="CppUtil2.h">
      <Filter>Header Files</Filter>
    </ClInclude>
    <ClInclude Include="Logger.h">
      <Filter>Header Files</Filter>
    </ClInclude>
    <ClInclude Include="pch.h">
      <Filter>Header Files</Filter>
    </ClInclude>
    <ClInclude Include="StrFormat.h">
      <Filter>Header Files</Filter>
    </ClInclude>
    <ClInclude Include="cpp_util.h">
      <Filter>Header Files</Filter>
    </ClInclude>
    <ClInclude Include="Numeric.h">
      <Filter>Header Files</Filter>
    </ClInclude>
    <ClInclude Include="StopWatch.h">
      <Filter>Header Files</Filter>
    </ClInclude>
    <ClInclude Include="CvImage.h">
      <Filter>Header Files</Filter>
    </ClInclude>
    <ClInclude Include="CvProcess.h">
      <Filter>Header Files</Filter>
    </ClInclude>
    <ClInclude Include="GuidedFilter.h">
      <Filter>Header Files</Filter>
    </ClInclude>
    <ClInclude Include="SystemUtil.h">
      <Filter>Header Files</Filter>
    </ClInclude>
    <ClInclude Include="Regressor.h">
      <Filter>Header Files</Filter>
    </ClInclude>
    <ClInclude Include="SgFilter.h">
      <Filter>Header Files</Filter>
    </ClInclude>
    <ClInclude Include="sgsmooth.h">
      <Filter>Header Files</Filter>
    </ClInclude>
    <ClInclude Include="PolyFit.h">
      <Filter>Header Files</Filter>
    </ClInclude>
    <ClInclude Include="IniFile.h">
      <Filter>Header Files</Filter>
    </ClInclude>
  </ItemGroup>
  <ItemGroup>
    <ClCompile Include="dllmain.cpp">
      <Filter>Source Files</Filter>
    </ClCompile>
    <ClCompile Include="Logger.cpp">
      <Filter>Source Files</Filter>
    </ClCompile>
    <ClCompile Include="pch.cpp">
      <Filter>Source Files</Filter>
    </ClCompile>
    <ClCompile Include="StrFormat.cpp">
      <Filter>Source Files</Filter>
    </ClCompile>
    <ClCompile Include="Numeric.cpp">
      <Filter>Source Files</Filter>
    </ClCompile>
    <ClCompile Include="StopWatch.cpp">
      <Filter>Source Files</Filter>
    </ClCompile>
    <ClCompile Include="CvImage.cpp">
      <Filter>Source Files</Filter>
    </ClCompile>
    <ClCompile Include="CvProcess.cpp">
      <Filter>Source Files</Filter>
    </ClCompile>
    <ClCompile Include="GuidedFilter.cpp">
      <Filter>Source Files</Filter>
    </ClCompile>
    <ClCompile Include="SystemUtil.cpp">
      <Filter>Source Files</Filter>
    </ClCompile>
    <ClCompile Include="Regressor.cpp">
      <Filter>Source Files</Filter>
    </ClCompile>
    <ClCompile Include="SgFilter.cpp">
      <Filter>Source Files</Filter>
    </ClCompile>
    <ClCompile Include="sgsmooth.cpp">
      <Filter>Source Files</Filter>
    </ClCompile>
    <ClCompile Include="IniFile.cpp">
      <Filter>Source Files</Filter>
    </ClCompile>
  </ItemGroup>
  <ItemGroup>
    <None Include="packages.config" />
  </ItemGroup>
</Project>