<?xml version="1.0" encoding="utf-8"?>
<Project ToolsVersion="4.0" xmlns="http://schemas.microsoft.com/developer/msbuild/2003">
  <ItemGroup>
    <Filter Include="Source Files">
      <UniqueIdentifier>{4FC737F1-C7A5-4376-A066-2A32D752A2FF}</UniqueIdentifier>
      <Extensions>cpp;c;cc;cxx;c++;cppm;ixx;def;odl;idl;hpj;bat;asm;asmx</Extensions>
    </Filter>
    <Filter Include="Header Files">
      <UniqueIdentifier>{93995380-89BD-4b04-88EB-625FBE52EBFB}</UniqueIdentifier>
      <Extensions>h;hh;hpp;hxx;h++;hm;inl;inc;ipp;xsd</Extensions>
    </Filter>
    <Filter Include="Resource Files">
      <UniqueIdentifier>{67DA6AB6-F800-4c08-8B7A-83BB121AAD01}</UniqueIdentifier>
      <Extensions>rc;ico;cur;bmp;dlg;rc2;rct;bin;rgs;gif;jpg;jpeg;jpe;resx;tiff;tif;png;wav;mfcribbon-ms</Extensions>
    </Filter>
  </ItemGroup>
  <ItemGroup>
    <None Include="cpp.hint" />
    <None Include="packages.config" />
  </ItemGroup>
  <ItemGroup>
    <ClInclude Include="framework.h">
      <Filter>Header Files</Filter>
    </ClInclude>
    <ClInclude Include="RetSegm2.h">
      <Filter>Header Files</Filter>
    </ClInclude>
    <ClInclude Include="pch.h">
      <Filter>Header Files</Filter>
    </ClInclude>
    <ClInclude Include="Boundary.h">
      <Filter>Header Files</Filter>
    </ClInclude>
    <ClInclude Include="Coarse.h">
      <Filter>Header Files</Filter>
    </ClInclude>
    <ClInclude Include="Coarse2.h">
      <Filter>Header Files</Filter>
    </ClInclude>
    <ClInclude Include="CoarseCornea.h">
      <Filter>Header Files</Filter>
    </ClInclude>
    <ClInclude Include="CoarseCornea2.h">
      <Filter>Header Files</Filter>
    </ClInclude>
    <ClInclude Include="DataFitt.h">
      <Filter>Header Files</Filter>
    </ClInclude>
    <ClInclude Include="Feature.h">
      <Filter>Header Files</Filter>
    </ClInclude>
    <ClInclude Include="Feature2.h">
      <Filter>Header Files</Filter>
    </ClInclude>
    <ClInclude Include="ImageMat.h">
      <Filter>Header Files</Filter>
    </ClInclude>
    <ClInclude Include="OptimalPath.h">
      <Filter>Header Files</Filter>
    </ClInclude>
    <ClInclude Include="PathCornea.h">
      <Filter>Header Files</Filter>
    </ClInclude>
    <ClInclude Include="PathCornea2.h">
      <Filter>Header Files</Filter>
    </ClInclude>
    <ClInclude Include="PrepCornea.h">
      <Filter>Header Files</Filter>
    </ClInclude>
    <ClInclude Include="Preprocess.h">
      <Filter>Header Files</Filter>
    </ClInclude>
    <ClInclude Include="ret_segm.h">
      <Filter>Header Files</Filter>
    </ClInclude>
    <ClInclude Include="SegmImage.h">
      <Filter>Header Files</Filter>
    </ClInclude>
    <ClInclude Include="SegmLayer.h">
      <Filter>Header Files</Filter>
    </ClInclude>
    <ClInclude Include="SegmPoint.h">
      <Filter>Header Files</Filter>
    </ClInclude>
    <ClInclude Include="Smooth.h">
      <Filter>Header Files</Filter>
    </ClInclude>
    <ClInclude Include="Smooth2.h">
      <Filter>Header Files</Filter>
    </ClInclude>
    <ClInclude Include="RetSegm.h">
      <Filter>Header Files</Filter>
    </ClInclude>
  </ItemGroup>
  <ItemGroup>
    <ClCompile Include="dllmain.cpp">
      <Filter>Source Files</Filter>
    </ClCompile>
    <ClCompile Include="pch.cpp">
      <Filter>Source Files</Filter>
    </ClCompile>
    <ClCompile Include="Boundary.cpp">
      <Filter>Source Files</Filter>
    </ClCompile>
    <ClCompile Include="Coarse.cpp">
      <Filter>Source Files</Filter>
    </ClCompile>
    <ClCompile Include="Coarse2.cpp">
      <Filter>Source Files</Filter>
    </ClCompile>
    <ClCompile Include="CoarseCornea.cpp">
      <Filter>Source Files</Filter>
    </ClCompile>
    <ClCompile Include="CoarseCornea2.cpp">
      <Filter>Source Files</Filter>
    </ClCompile>
    <ClCompile Include="DataFitt.cpp">
      <Filter>Source Files</Filter>
    </ClCompile>
    <ClCompile Include="Feature.cpp">
      <Filter>Source Files</Filter>
    </ClCompile>
    <ClCompile Include="Feature2.cpp">
      <Filter>Source Files</Filter>
    </ClCompile>
    <ClCompile Include="ImageMat.cpp">
      <Filter>Source Files</Filter>
    </ClCompile>
    <ClCompile Include="OptimalPath.cpp">
      <Filter>Source Files</Filter>
    </ClCompile>
    <ClCompile Include="PathCornea.cpp">
      <Filter>Source Files</Filter>
    </ClCompile>
    <ClCompile Include="PathCornea2.cpp">
      <Filter>Source Files</Filter>
    </ClCompile>
    <ClCompile Include="PrepCornea.cpp">
      <Filter>Source Files</Filter>
    </ClCompile>
    <ClCompile Include="Preprocess.cpp">
      <Filter>Source Files</Filter>
    </ClCompile>
    <ClCompile Include="SegmImage.cpp">
      <Filter>Source Files</Filter>
    </ClCompile>
    <ClCompile Include="SegmLayer.cpp">
      <Filter>Source Files</Filter>
    </ClCompile>
    <ClCompile Include="Smooth.cpp">
      <Filter>Source Files</Filter>
    </ClCompile>
    <ClCompile Include="Smooth2.cpp">
      <Filter>Source Files</Filter>
    </ClCompile>
  </ItemGroup>
</Project>