<?xml version="1.0" encoding="utf-8"?>
<Project ToolsVersion="4.0" xmlns="http://schemas.microsoft.com/developer/msbuild/2003">
  <ItemGroup>
    <Filter Include="Source Files">
      <UniqueIdentifier>{4FC737F1-C7A5-4376-A066-2A32D752A2FF}</UniqueIdentifier>
      <Extensions>cpp;c;cc;cxx;c++;cppm;ixx;def;odl;idl;hpj;bat;asm;asmx</Extensions>
    </Filter>
    <Filter Include="Header Files">
      <UniqueIdentifier>{93995380-89BD-4b04-88EB-625FBE52EBFB}</UniqueIdentifier>
      <Extensions>h;hh;hpp;hxx;h++;hm;inl;inc;ipp;xsd</Extensions>
    </Filter>
    <Filter Include="Resource Files">
      <UniqueIdentifier>{67DA6AB6-F800-4c08-8B7A-83BB121AAD01}</UniqueIdentifier>
      <Extensions>rc;ico;cur;bmp;dlg;rc2;rct;bin;rgs;gif;jpg;jpeg;jpe;resx;tiff;tif;png;wav;mfcribbon-ms</Extensions>
    </Filter>
  </ItemGroup>
  <ItemGroup>
    <ClInclude Include="framework.h">
      <Filter>Header Files</Filter>
    </ClInclude>
    <ClInclude Include="pch.h">
      <Filter>Header Files</Filter>
    </ClInclude>
    <ClInclude Include="oct_report.h">
      <Filter>Header Files</Filter>
    </ClInclude>
    <ClInclude Include="OctReport.h">
      <Filter>Header Files</Filter>
    </ClInclude>
    <ClInclude Include="BscanContent.h">
      <Filter>Header Files</Filter>
    </ClInclude>
    <ClInclude Include="CircleDataSource.h">
      <Filter>Header Files</Filter>
    </ClInclude>
    <ClInclude Include="CrossDataSource.h">
      <Filter>Header Files</Filter>
    </ClInclude>
    <ClInclude Include="CubeDataSource.h">
      <Filter>Header Files</Filter>
    </ClInclude>
    <ClInclude Include="LineDataSource.h">
      <Filter>Header Files</Filter>
    </ClInclude>
    <ClInclude Include="ProtocolSource.h">
      <Filter>Header Files</Filter>
    </ClInclude>
    <ClInclude Include="ProtocolSourceSet.h">
      <Filter>Header Files</Filter>
    </ClInclude>
    <ClInclude Include="RadialDataSource.h">
      <Filter>Header Files</Filter>
    </ClInclude>
    <ClInclude Include="RasterDataSource.h">
      <Filter>Header Files</Filter>
    </ClInclude>
    <ClInclude Include="CorneaScanReport.h">
      <Filter>Header Files</Filter>
    </ClInclude>
    <ClInclude Include="OpticDiscScanReport.h">
      <Filter>Header Files</Filter>
    </ClInclude>
    <ClInclude Include="MacularScanReport.h">
      <Filter>Header Files</Filter>
    </ClInclude>
    <ClInclude Include="ProtocolReport.h">
      <Filter>Header Files</Filter>
    </ClInclude>
    <ClInclude Include="ProtocolReportSet.h">
      <Filter>Header Files</Filter>
    </ClInclude>
    <ClInclude Include="OctReport2.h">
      <Filter>Header Files</Filter>
    </ClInclude>
    <ClInclude Include="AngioDataSource.h">
      <Filter>Header Files</Filter>
    </ClInclude>
    <ClInclude Include="MacularAngioReport.h">
      <Filter>Header Files</Filter>
    </ClInclude>
    <ClInclude Include="OpticDiscAngioReport.h">
      <Filter>Header Files</Filter>
    </ClInclude>
  </ItemGroup>
  <ItemGroup>
    <ClCompile Include="dllmain.cpp">
      <Filter>Source Files</Filter>
    </ClCompile>
    <ClCompile Include="pch.cpp">
      <Filter>Source Files</Filter>
    </ClCompile>
    <ClCompile Include="BscanContent.cpp">
      <Filter>Source Files</Filter>
    </ClCompile>
    <ClCompile Include="CircleDataSource.cpp">
      <Filter>Source Files</Filter>
    </ClCompile>
    <ClCompile Include="CrossDataSource.cpp">
      <Filter>Source Files</Filter>
    </ClCompile>
    <ClCompile Include="CubeDataSource.cpp">
      <Filter>Source Files</Filter>
    </ClCompile>
    <ClCompile Include="LineDataSource.cpp">
      <Filter>Source Files</Filter>
    </ClCompile>
    <ClCompile Include="ProtocolSource.cpp">
      <Filter>Source Files</Filter>
    </ClCompile>
    <ClCompile Include="ProtocolSourceSet.cpp">
      <Filter>Source Files</Filter>
    </ClCompile>
    <ClCompile Include="RadialDataSource.cpp">
      <Filter>Source Files</Filter>
    </ClCompile>
    <ClCompile Include="RasterDataSource.cpp">
      <Filter>Source Files</Filter>
    </ClCompile>
    <ClCompile Include="CorneaScanReport.cpp">
      <Filter>Source Files</Filter>
    </ClCompile>
    <ClCompile Include="OpticDiscScanReport.cpp">
      <Filter>Source Files</Filter>
    </ClCompile>
    <ClCompile Include="MacularScanReport.cpp">
      <Filter>Source Files</Filter>
    </ClCompile>
    <ClCompile Include="ProtocolReport.cpp">
      <Filter>Source Files</Filter>
    </ClCompile>
    <ClCompile Include="ProtocolReportSet.cpp">
      <Filter>Source Files</Filter>
    </ClCompile>
    <ClCompile Include="AngioDataSource.cpp">
      <Filter>Source Files</Filter>
    </ClCompile>
    <ClCompile Include="MacularAngioReport.cpp">
      <Filter>Source Files</Filter>
    </ClCompile>
    <ClCompile Include="OpticDiscAngioReport.cpp">
      <Filter>Source Files</Filter>
    </ClCompile>
  </ItemGroup>
  <ItemGroup>
    <None Include="packages.config" />
  </ItemGroup>
</Project>