<?xml version="1.0" encoding="utf-8"?>
<Project ToolsVersion="4.0" xmlns="http://schemas.microsoft.com/developer/msbuild/2003">
  <ItemGroup>
    <Filter Include="Source Files">
      <UniqueIdentifier>{4FC737F1-C7A5-4376-A066-2A32D752A2FF}</UniqueIdentifier>
      <Extensions>cpp;c;cc;cxx;c++;cppm;ixx;def;odl;idl;hpj;bat;asm;asmx</Extensions>
    </Filter>
    <Filter Include="Header Files">
      <UniqueIdentifier>{93995380-89BD-4b04-88EB-625FBE52EBFB}</UniqueIdentifier>
      <Extensions>h;hh;hpp;hxx;h++;hm;inl;inc;ipp;xsd</Extensions>
    </Filter>
    <Filter Include="Resource Files">
      <UniqueIdentifier>{67DA6AB6-F800-4c08-8B7A-83BB121AAD01}</UniqueIdentifier>
      <Extensions>rc;ico;cur;bmp;dlg;rc2;rct;bin;rgs;gif;jpg;jpeg;jpe;resx;tiff;tif;png;wav;mfcribbon-ms</Extensions>
    </Filter>
  </ItemGroup>
  <ItemGroup>
    <ClInclude Include="framework.h">
      <Filter>Header Files</Filter>
    </ClInclude>
    <ClInclude Include="pch.h">
      <Filter>Header Files</Filter>
    </ClInclude>
    <ClInclude Include="WsoDomain2.h">
      <Filter>Header Files</Filter>
    </ClInclude>
    <ClInclude Include="wso_domain.h">
      <Filter>Header Files</Filter>
    </ClInclude>
    <ClInclude Include="CallbackRegistry.h">
      <Filter>Header Files</Filter>
    </ClInclude>
    <ClInclude Include="PatientDefines.h">
      <Filter>Header Files</Filter>
    </ClInclude>
    <ClInclude Include="OctScanDefines.h">
      <Filter>Header Files</Filter>
    </ClInclude>
    <ClInclude Include="CallbackFuncs.h">
      <Filter>Header Files</Filter>
    </ClInclude>
    <ClInclude Include="WsoLogger.h">
      <Filter>Header Files</Filter>
    </ClInclude>
    <ClInclude Include="DeviceStructs.h">
      <Filter>Header Files</Filter>
    </ClInclude>
    <ClInclude Include="DeviceDefines.h">
      <Filter>Header Files</Filter>
    </ClInclude>
    <ClInclude Include="OctScanHelper.h">
      <Filter>Header Files</Filter>
    </ClInclude>
    <ClInclude Include="OctScanStructs.h">
      <Filter>Header Files</Filter>
    </ClInclude>
    <ClInclude Include="OctScanOptions.h">
      <Filter>Header Files</Filter>
    </ClInclude>
    <ClInclude Include="OctScanProtocol.h">
      <Filter>Header Files</Filter>
    </ClInclude>
    <ClInclude Include="EventFuncs.h">
      <Filter>Header Files</Filter>
    </ClInclude>
    <ClInclude Include="EventRegistry.h">
      <Filter>Header Files</Filter>
    </ClInclude>
    <ClInclude Include="OctDataUtil.h">
      <Filter>Header Files</Filter>
    </ClInclude>
    <ClInclude Include="OctScanStatus.h">
      <Filter>Header Files</Filter>
    </ClInclude>
    <ClInclude Include="OctDataDefines.h">
      <Filter>Header Files</Filter>
    </ClInclude>
    <ClInclude Include="OctDataSetup.h">
      <Filter>Header Files</Filter>
    </ClInclude>
    <ClInclude Include="OctScanPattern.h">
      <Filter>Header Files</Filter>
    </ClInclude>
    <ClInclude Include="OctScanReport.h">
      <Filter>Header Files</Filter>
    </ClInclude>
    <ClInclude Include="OctAngioDefines.h">
      <Filter>Header Files</Filter>
    </ClInclude>
    <ClInclude Include="WsoSettings.h">
      <Filter>Header Files</Filter>
    </ClInclude>
    <ClInclude Include="OctAngioSetup.h">
      <Filter>Header Files</Filter>
    </ClInclude>
    <ClInclude Include="OctScanSegm.h">
      <Filter>Header Files</Filter>
    </ClInclude>
    <ClInclude Include="DeviceLights.h">
      <Filter>Header Files</Filter>
    </ClInclude>
    <ClInclude Include="DeviceCameras.h">
      <Filter>Header Files</Filter>
    </ClInclude>
    <ClInclude Include="SysConfigDefines.h">
      <Filter>Header Files</Filter>
    </ClInclude>
    <ClInclude Include="SystemArchive.h">
      <Filter>Header Files</Filter>
    </ClInclude>
    <ClInclude Include="LsoScanDefines.h">
      <Filter>Header Files</Filter>
    </ClInclude>
    <ClInclude Include="LsoCameraStruct.h">
      <Filter>Header Files</Filter>
    </ClInclude>
    <ClInclude Include="BoardDefines.h">
      <Filter>Header Files</Filter>
    </ClInclude>
  </ItemGroup>
  <ItemGroup>
    <ClCompile Include="dllmain.cpp">
      <Filter>Source Files</Filter>
    </ClCompile>
    <ClCompile Include="pch.cpp">
      <Filter>Source Files</Filter>
    </ClCompile>
    <ClCompile Include="CallbackRegistry.cpp">
      <Filter>Source Files</Filter>
    </ClCompile>
    <ClCompile Include="WsoLogger.cpp">
      <Filter>Source Files</Filter>
    </ClCompile>
    <ClCompile Include="OctScanHelper.cpp">
      <Filter>Source Files</Filter>
    </ClCompile>
    <ClCompile Include="OctScanOptions.cpp">
      <Filter>Source Files</Filter>
    </ClCompile>
    <ClCompile Include="EventRegistry.cpp">
      <Filter>Source Files</Filter>
    </ClCompile>
    <ClCompile Include="OctDataUtil.cpp">
      <Filter>Source Files</Filter>
    </ClCompile>
    <ClCompile Include="OctScanStatus.cpp">
      <Filter>Source Files</Filter>
    </ClCompile>
    <ClCompile Include="OctDataSetup.cpp">
      <Filter>Source Files</Filter>
    </ClCompile>
    <ClCompile Include="OctScanProtocol.cpp">
      <Filter>Source Files</Filter>
    </ClCompile>
    <ClCompile Include="OctScanPattern.cpp">
      <Filter>Source Files</Filter>
    </ClCompile>
    <ClCompile Include="OctScanStructs.cpp">
      <Filter>Source Files</Filter>
    </ClCompile>
    <ClCompile Include="WsoSettings.cpp">
      <Filter>Source Files</Filter>
    </ClCompile>
    <ClCompile Include="OctAngioSetup.cpp">
      <Filter>Source Files</Filter>
    </ClCompile>
    <ClCompile Include="SystemArchive.cpp">
      <Filter>Source Files</Filter>
    </ClCompile>
  </ItemGroup>
  <ItemGroup>
    <None Include="packages.config" />
  </ItemGroup>
</Project>