<?xml version="1.0" encoding="utf-8"?>
<Project ToolsVersion="4.0" xmlns="http://schemas.microsoft.com/developer/msbuild/2003">
  <ItemGroup>
    <Filter Include="Source Files">
      <UniqueIdentifier>{4FC737F1-C7A5-4376-A066-2A32D752A2FF}</UniqueIdentifier>
      <Extensions>cpp;c;cc;cxx;c++;cppm;ixx;def;odl;idl;hpj;bat;asm;asmx</Extensions>
    </Filter>
    <Filter Include="Header Files">
      <UniqueIdentifier>{93995380-89BD-4b04-88EB-625FBE52EBFB}</UniqueIdentifier>
      <Extensions>h;hh;hpp;hxx;h++;hm;inl;inc;ipp;xsd</Extensions>
    </Filter>
    <Filter Include="Resource Files">
      <UniqueIdentifier>{67DA6AB6-F800-4c08-8B7A-83BB121AAD01}</UniqueIdentifier>
      <Extensions>rc;ico;cur;bmp;dlg;rc2;rct;bin;rgs;gif;jpg;jpeg;jpe;resx;tiff;tif;png;wav;mfcribbon-ms</Extensions>
    </Filter>
  </ItemGroup>
  <ItemGroup>
    <ClInclude Include="framework.h">
      <Filter>Header Files</Filter>
    </ClInclude>
    <ClInclude Include="pch.h">
      <Filter>Header Files</Filter>
    </ClInclude>
    <ClInclude Include="segm_scan.h">
      <Filter>Header Files</Filter>
    </ClInclude>
    <ClInclude Include="SegmScan.h">
      <Filter>Header Files</Filter>
    </ClInclude>
    <ClInclude Include="SegmScan2.h">
      <Filter>Header Files</Filter>
    </ClInclude>
    <ClInclude Include="CorneaBsegm.h">
      <Filter>Header Files</Filter>
    </ClInclude>
    <ClInclude Include="CorneaEnfaceChart.h">
      <Filter>Header Files</Filter>
    </ClInclude>
    <ClInclude Include="CorneaEnfaceImage.h">
      <Filter>Header Files</Filter>
    </ClInclude>
    <ClInclude Include="CorneaEnfaceMap.h">
      <Filter>Header Files</Filter>
    </ClInclude>
    <ClInclude Include="CorneaETDRSChart.h">
      <Filter>Header Files</Filter>
    </ClInclude>
    <ClInclude Include="CorneaLayers.h">
      <Filter>Header Files</Filter>
    </ClInclude>
    <ClInclude Include="CorneaRadiusMap.h">
      <Filter>Header Files</Filter>
    </ClInclude>
    <ClInclude Include="CorneaThicknessMap.h">
      <Filter>Header Files</Filter>
    </ClInclude>
    <ClInclude Include="DiscBsegm.h">
      <Filter>Header Files</Filter>
    </ClInclude>
    <ClInclude Include="DiscClockChart.h">
      <Filter>Header Files</Filter>
    </ClInclude>
    <ClInclude Include="DiscEnfaceChart.h">
      <Filter>Header Files</Filter>
    </ClInclude>
    <ClInclude Include="DiscEnfaceImage.h">
      <Filter>Header Files</Filter>
    </ClInclude>
    <ClInclude Include="DiscEnfaceMap.h">
      <Filter>Header Files</Filter>
    </ClInclude>
    <ClInclude Include="DiscThicknessMap.h">
      <Filter>Header Files</Filter>
    </ClInclude>
    <ClInclude Include="GCCThicknessChart.h">
      <Filter>Header Files</Filter>
    </ClInclude>
    <ClInclude Include="MacularBsegm.h">
      <Filter>Header Files</Filter>
    </ClInclude>
    <ClInclude Include="MacularEnfaceChart.h">
      <Filter>Header Files</Filter>
    </ClInclude>
    <ClInclude Include="MacularEnfaceImage.h">
      <Filter>Header Files</Filter>
    </ClInclude>
    <ClInclude Include="MacularEnfaceMap.h">
      <Filter>Header Files</Filter>
    </ClInclude>
    <ClInclude Include="MacularETDRSChart.h">
      <Filter>Header Files</Filter>
    </ClInclude>
    <ClInclude Include="MacularThicknessMap.h">
      <Filter>Header Files</Filter>
    </ClInclude>
    <ClInclude Include="OcularBsegm.h">
      <Filter>Header Files</Filter>
    </ClInclude>
    <ClInclude Include="OcularEnfaceChart.h">
      <Filter>Header Files</Filter>
    </ClInclude>
    <ClInclude Include="OcularEnfaceImage.h">
      <Filter>Header Files</Filter>
    </ClInclude>
    <ClInclude Include="OcularEnfaceMap.h">
      <Filter>Header Files</Filter>
    </ClInclude>
    <ClInclude Include="OcularLayers.h">
      <Filter>Header Files</Filter>
    </ClInclude>
    <ClInclude Include="RetinaLayers.h">
      <Filter>Header Files</Filter>
    </ClInclude>
    <ClInclude Include="CorneaEplot.h">
      <Filter>Header Files</Filter>
    </ClInclude>
  </ItemGroup>
  <ItemGroup>
    <ClCompile Include="dllmain.cpp">
      <Filter>Source Files</Filter>
    </ClCompile>
    <ClCompile Include="pch.cpp">
      <Filter>Source Files</Filter>
    </ClCompile>
    <ClCompile Include="CorneaBsegm.cpp">
      <Filter>Source Files</Filter>
    </ClCompile>
    <ClCompile Include="CorneaEnfaceChart.cpp">
      <Filter>Source Files</Filter>
    </ClCompile>
    <ClCompile Include="CorneaEnfaceImage.cpp">
      <Filter>Source Files</Filter>
    </ClCompile>
    <ClCompile Include="CorneaEnfaceMap.cpp">
      <Filter>Source Files</Filter>
    </ClCompile>
    <ClCompile Include="CorneaETDRSChart.cpp">
      <Filter>Source Files</Filter>
    </ClCompile>
    <ClCompile Include="CorneaLayers.cpp">
      <Filter>Source Files</Filter>
    </ClCompile>
    <ClCompile Include="CorneaRadiusMap.cpp">
      <Filter>Source Files</Filter>
    </ClCompile>
    <ClCompile Include="CorneaThicknessMap.cpp">
      <Filter>Source Files</Filter>
    </ClCompile>
    <ClCompile Include="DiscBsegm.cpp">
      <Filter>Source Files</Filter>
    </ClCompile>
    <ClCompile Include="DiscClockChart.cpp">
      <Filter>Source Files</Filter>
    </ClCompile>
    <ClCompile Include="DiscEnfaceChart.cpp">
      <Filter>Source Files</Filter>
    </ClCompile>
    <ClCompile Include="DiscEnfaceImage.cpp">
      <Filter>Source Files</Filter>
    </ClCompile>
    <ClCompile Include="DiscEnfaceMap.cpp">
      <Filter>Source Files</Filter>
    </ClCompile>
    <ClCompile Include="DiscThicknessMap.cpp">
      <Filter>Source Files</Filter>
    </ClCompile>
    <ClCompile Include="GCCThicknessChart.cpp">
      <Filter>Source Files</Filter>
    </ClCompile>
    <ClCompile Include="MacularBsegm.cpp">
      <Filter>Source Files</Filter>
    </ClCompile>
    <ClCompile Include="MacularEnfaceChart.cpp">
      <Filter>Source Files</Filter>
    </ClCompile>
    <ClCompile Include="MacularEnfaceImage.cpp">
      <Filter>Source Files</Filter>
    </ClCompile>
    <ClCompile Include="MacularEnfaceMap.cpp">
      <Filter>Source Files</Filter>
    </ClCompile>
    <ClCompile Include="MacularETDRSChart.cpp">
      <Filter>Source Files</Filter>
    </ClCompile>
    <ClCompile Include="MacularThicknessMap.cpp">
      <Filter>Source Files</Filter>
    </ClCompile>
    <ClCompile Include="OcularBsegm.cpp">
      <Filter>Source Files</Filter>
    </ClCompile>
    <ClCompile Include="OcularEnfaceChart.cpp">
      <Filter>Source Files</Filter>
    </ClCompile>
    <ClCompile Include="OcularEnfaceImage.cpp">
      <Filter>Source Files</Filter>
    </ClCompile>
    <ClCompile Include="OcularEnfaceMap.cpp">
      <Filter>Source Files</Filter>
    </ClCompile>
    <ClCompile Include="OcularLayers.cpp">
      <Filter>Source Files</Filter>
    </ClCompile>
    <ClCompile Include="RetinaLayers.cpp">
      <Filter>Source Files</Filter>
    </ClCompile>
    <ClCompile Include="CorneaEplot.cpp">
      <Filter>Source Files</Filter>
    </ClCompile>
  </ItemGroup>
  <ItemGroup>
    <None Include="packages.config" />
  </ItemGroup>
</Project>