<?xml version="1.0" encoding="utf-8"?>
<Project ToolsVersion="4.0" xmlns="http://schemas.microsoft.com/developer/msbuild/2003">
  <ItemGroup>
    <Filter Include="Source Files">
      <UniqueIdentifier>{4FC737F1-C7A5-4376-A066-2A32D752A2FF}</UniqueIdentifier>
      <Extensions>cpp;c;cc;cxx;c++;cppm;ixx;def;odl;idl;hpj;bat;asm;asmx</Extensions>
    </Filter>
    <Filter Include="Header Files">
      <UniqueIdentifier>{93995380-89BD-4b04-88EB-625FBE52EBFB}</UniqueIdentifier>
      <Extensions>h;hh;hpp;hxx;h++;hm;inl;inc;ipp;xsd</Extensions>
    </Filter>
    <Filter Include="Resource Files">
      <UniqueIdentifier>{67DA6AB6-F800-4c08-8B7A-83BB121AAD01}</UniqueIdentifier>
      <Extensions>rc;ico;cur;bmp;dlg;rc2;rct;bin;rgs;gif;jpg;jpeg;jpe;resx;tiff;tif;png;wav;mfcribbon-ms</Extensions>
    </Filter>
  </ItemGroup>
  <ItemGroup>
    <ClInclude Include="framework.h">
      <Filter>Header Files</Filter>
    </ClInclude>
    <ClInclude Include="BoardComponent.h">
      <Filter>Header Files</Filter>
    </ClInclude>
    <ClInclude Include="WsoDevice2.h">
      <Filter>Header Files</Filter>
    </ClInclude>
    <ClInclude Include="wso_device.h">
      <Filter>Header Files</Filter>
    </ClInclude>
    <ClInclude Include="LightLed.h">
      <Filter>Header Files</Filter>
    </ClInclude>
    <ClInclude Include="MainBoard.h">
      <Filter>Header Files</Filter>
    </ClInclude>
    <ClInclude Include="UsbPort.h">
      <Filter>Header Files</Filter>
    </ClInclude>
    <ClInclude Include="UsbComm.h">
      <Filter>Header Files</Filter>
    </ClInclude>
    <ClInclude Include="UsbPacket.h">
      <Filter>Header Files</Filter>
    </ClInclude>
    <ClInclude Include="crc.h">
      <Filter>Header Files</Filter>
    </ClInclude>
    <ClInclude Include="StepMotor.h">
      <Filter>Header Files</Filter>
    </ClInclude>
    <ClInclude Include="OctPolarMotor.h">
      <Filter>Header Files</Filter>
    </ClInclude>
    <ClInclude Include="OctReferMotor.h">
      <Filter>Header Files</Filter>
    </ClInclude>
    <ClInclude Include="OctFocusMotor.h">
      <Filter>Header Files</Filter>
    </ClInclude>
    <ClInclude Include="StageMotor.h">
      <Filter>Header Files</Filter>
    </ClInclude>
    <ClInclude Include="YstageMotor.h">
      <Filter>Header Files</Filter>
    </ClInclude>
    <ClInclude Include="InfraredCamera.h">
      <Filter>Header Files</Filter>
    </ClInclude>
    <ClInclude Include="Galvanometer.h">
      <Filter>Header Files</Filter>
    </ClInclude>
    <ClInclude Include="TraceProfile.h">
      <Filter>Header Files</Filter>
    </ClInclude>
    <ClInclude Include="CorneaCamera.h">
      <Filter>Header Files</Filter>
    </ClInclude>
    <ClInclude Include="slo_scan_defs.h">
      <Filter>Header Files</Filter>
    </ClInclude>
    <ClInclude Include="ZynqXadcDriver.h">
      <Filter>Header Files</Filter>
    </ClInclude>
    <ClInclude Include="SwingMotor.h">
      <Filter>Header Files</Filter>
    </ClInclude>
    <ClInclude Include="RetinaCamera.h">
      <Filter>Header Files</Filter>
    </ClInclude>
    <ClInclude Include="CorneaIrLed.h">
      <Filter>Header Files</Filter>
    </ClInclude>
    <ClInclude Include="RetinaIrLed.h">
      <Filter>Header Files</Filter>
    </ClInclude>
    <ClInclude Include="ColorCamera.h">
      <Filter>Header Files</Filter>
    </ClInclude>
    <ClInclude Include="FirmwareControl.h">
      <Filter>Header Files</Filter>
    </ClInclude>
    <ClInclude Include="LsoFocusMotor.h">
      <Filter>Header Files</Filter>
    </ClInclude>
    <ClInclude Include="LsoWhiteLed.h">
      <Filter>Header Files</Filter>
    </ClInclude>
    <ClInclude Include="LsoScanner.h">
      <Filter>Header Files</Filter>
    </ClInclude>
    <ClInclude Include="XstageMotor.h">
      <Filter>Header Files</Filter>
    </ClInclude>
    <ClInclude Include="ZstageMotor.h">
      <Filter>Header Files</Filter>
    </ClInclude>
  </ItemGroup>
  <ItemGroup>
    <ClCompile Include="dllmain.cpp">
      <Filter>Source Files</Filter>
    </ClCompile>
    <ClCompile Include="BoardComponent.cpp">
      <Filter>Source Files</Filter>
    </ClCompile>
    <ClCompile Include="LightLed.cpp">
      <Filter>Source Files</Filter>
    </ClCompile>
    <ClCompile Include="MainBoard.cpp">
      <Filter>Source Files</Filter>
    </ClCompile>
    <ClCompile Include="UsbPort.cpp">
      <Filter>Source Files</Filter>
    </ClCompile>
    <ClCompile Include="UsbComm.cpp">
      <Filter>Source Files</Filter>
    </ClCompile>
    <ClCompile Include="crc.cpp">
      <Filter>Source Files</Filter>
    </ClCompile>
    <ClCompile Include="StepMotor.cpp">
      <Filter>Source Files</Filter>
    </ClCompile>
    <ClCompile Include="OctPolarMotor.cpp">
      <Filter>Source Files</Filter>
    </ClCompile>
    <ClCompile Include="OctReferMotor.cpp">
      <Filter>Source Files</Filter>
    </ClCompile>
    <ClCompile Include="OctFocusMotor.cpp">
      <Filter>Source Files</Filter>
    </ClCompile>
    <ClCompile Include="StageMotor.cpp">
      <Filter>Source Files</Filter>
    </ClCompile>
    <ClCompile Include="YstageMotor.cpp">
      <Filter>Source Files</Filter>
    </ClCompile>
    <ClCompile Include="InfraredCamera.cpp">
      <Filter>Source Files</Filter>
    </ClCompile>
    <ClCompile Include="Galvanometer.cpp">
      <Filter>Source Files</Filter>
    </ClCompile>
    <ClCompile Include="TraceProfile.cpp">
      <Filter>Source Files</Filter>
    </ClCompile>
    <ClCompile Include="CorneaCamera.cpp">
      <Filter>Source Files</Filter>
    </ClCompile>
    <ClCompile Include="ZynqXadcDriver.cpp">
      <Filter>Source Files</Filter>
    </ClCompile>
    <ClCompile Include="SwingMotor.cpp">
      <Filter>Source Files</Filter>
    </ClCompile>
    <ClCompile Include="RetinaCamera.cpp">
      <Filter>Source Files</Filter>
    </ClCompile>
    <ClCompile Include="CorneaIrLed.cpp">
      <Filter>Source Files</Filter>
    </ClCompile>
    <ClCompile Include="RetinaIrLed.cpp">
      <Filter>Source Files</Filter>
    </ClCompile>
    <ClCompile Include="ColorCamera.cpp">
      <Filter>Source Files</Filter>
    </ClCompile>
    <ClCompile Include="FirmwareControl.cpp">
      <Filter>Source Files</Filter>
    </ClCompile>
    <ClCompile Include="LsoFocusMotor.cpp">
      <Filter>Source Files</Filter>
    </ClCompile>
    <ClCompile Include="LsoWhiteLed.cpp">
      <Filter>Source Files</Filter>
    </ClCompile>
    <ClCompile Include="LsoScanner.cpp">
      <Filter>Source Files</Filter>
    </ClCompile>
    <ClCompile Include="XstageMotor.cpp">
      <Filter>Source Files</Filter>
    </ClCompile>
    <ClCompile Include="ZstageMotor.cpp">
      <Filter>Source Files</Filter>
    </ClCompile>
  </ItemGroup>
  <ItemGroup>
    <None Include="packages.config" />
  </ItemGroup>
</Project>