<?xml version="1.0" encoding="utf-8"?>
<Project ToolsVersion="4.0" xmlns="http://schemas.microsoft.com/developer/msbuild/2003">
  <ItemGroup>
    <Filter Include="Source Files">
      <UniqueIdentifier>{4FC737F1-C7A5-4376-A066-2A32D752A2FF}</UniqueIdentifier>
      <Extensions>cpp;c;cc;cxx;c++;cppm;ixx;def;odl;idl;hpj;bat;asm;asmx</Extensions>
    </Filter>
    <Filter Include="Header Files">
      <UniqueIdentifier>{93995380-89BD-4b04-88EB-625FBE52EBFB}</UniqueIdentifier>
      <Extensions>h;hh;hpp;hxx;h++;hm;inl;inc;ipp;xsd</Extensions>
    </Filter>
    <Filter Include="Resource Files">
      <UniqueIdentifier>{67DA6AB6-F800-4c08-8B7A-83BB121AAD01}</UniqueIdentifier>
      <Extensions>rc;ico;cur;bmp;dlg;rc2;rct;bin;rgs;gif;jpg;jpeg;jpe;resx;tiff;tif;png;wav;mfcribbon-ms</Extensions>
    </Filter>
  </ItemGroup>
  <ItemGroup>
    <None Include="cpp.hint" />
    <None Include="packages.config" />
  </ItemGroup>
  <ItemGroup>
    <ClInclude Include="framework.h">
      <Filter>Header Files</Filter>
    </ClInclude>
    <ClInclude Include="OctResult.h">
      <Filter>Header Files</Filter>
    </ClInclude>
    <ClInclude Include="pch.h">
      <Filter>Header Files</Filter>
    </ClInclude>
    <ClInclude Include="oct_result.h">
      <Filter>Header Files</Filter>
    </ClInclude>
    <ClInclude Include="OctResult2.h">
      <Filter>Header Files</Filter>
    </ClInclude>
    <ClInclude Include="BscanBundle.h">
      <Filter>Header Files</Filter>
    </ClInclude>
    <ClInclude Include="BscanImage.h">
      <Filter>Header Files</Filter>
    </ClInclude>
    <ClInclude Include="BscanSection.h">
      <Filter>Header Files</Filter>
    </ClInclude>
    <ClInclude Include="CorneaImage.h">
      <Filter>Header Files</Filter>
    </ClInclude>
    <ClInclude Include="EnfaceImage.h">
      <Filter>Header Files</Filter>
    </ClInclude>
    <ClInclude Include="EnfaceOutput.h">
      <Filter>Header Files</Filter>
    </ClInclude>
    <ClInclude Include="PatientData.h">
      <Filter>Header Files</Filter>
    </ClInclude>
    <ClInclude Include="PatternOutput.h">
      <Filter>Header Files</Filter>
    </ClInclude>
    <ClInclude Include="PreviewOutput.h">
      <Filter>Header Files</Filter>
    </ClInclude>
    <ClInclude Include="ProtocolResult.h">
      <Filter>Header Files</Filter>
    </ClInclude>
    <ClInclude Include="RetinaImage.h">
      <Filter>Header Files</Filter>
    </ClInclude>
    <ClInclude Include="AngioOutput.h">
      <Filter>Header Files</Filter>
    </ClInclude>
  </ItemGroup>
  <ItemGroup>
    <ClCompile Include="dllmain.cpp">
      <Filter>Source Files</Filter>
    </ClCompile>
    <ClCompile Include="pch.cpp">
      <Filter>Source Files</Filter>
    </ClCompile>
    <ClCompile Include="BscanBundle.cpp">
      <Filter>Source Files</Filter>
    </ClCompile>
    <ClCompile Include="BscanImage.cpp">
      <Filter>Source Files</Filter>
    </ClCompile>
    <ClCompile Include="BscanSection.cpp">
      <Filter>Source Files</Filter>
    </ClCompile>
    <ClCompile Include="CorneaImage.cpp">
      <Filter>Source Files</Filter>
    </ClCompile>
    <ClCompile Include="EnfaceImage.cpp">
      <Filter>Source Files</Filter>
    </ClCompile>
    <ClCompile Include="EnfaceOutput.cpp">
      <Filter>Source Files</Filter>
    </ClCompile>
    <ClCompile Include="PatientData.cpp">
      <Filter>Source Files</Filter>
    </ClCompile>
    <ClCompile Include="PatternOutput.cpp">
      <Filter>Source Files</Filter>
    </ClCompile>
    <ClCompile Include="PreviewOutput.cpp">
      <Filter>Source Files</Filter>
    </ClCompile>
    <ClCompile Include="ProtocolResult.cpp">
      <Filter>Source Files</Filter>
    </ClCompile>
    <ClCompile Include="RetinaImage.cpp">
      <Filter>Source Files</Filter>
    </ClCompile>
    <ClCompile Include="AngioOutput.cpp">
      <Filter>Source Files</Filter>
    </ClCompile>
  </ItemGroup>
</Project>