<?xml version="1.0" encoding="utf-8"?>
<Project ToolsVersion="4.0" xmlns="http://schemas.microsoft.com/developer/msbuild/2003">
  <ItemGroup>
    <Filter Include="Source Files">
      <UniqueIdentifier>{4FC737F1-C7A5-4376-A066-2A32D752A2FF}</UniqueIdentifier>
      <Extensions>cpp;c;cc;cxx;c++;cppm;ixx;def;odl;idl;hpj;bat;asm;asmx</Extensions>
    </Filter>
    <Filter Include="Header Files">
      <UniqueIdentifier>{93995380-89BD-4b04-88EB-625FBE52EBFB}</UniqueIdentifier>
      <Extensions>h;hh;hpp;hxx;h++;hm;inl;inc;ipp;xsd</Extensions>
    </Filter>
    <Filter Include="Resource Files">
      <UniqueIdentifier>{67DA6AB6-F800-4c08-8B7A-83BB121AAD01}</UniqueIdentifier>
      <Extensions>rc;ico;cur;bmp;dlg;rc2;rct;bin;rgs;gif;jpg;jpeg;jpe;resx;tiff;tif;png;wav;mfcribbon-ms</Extensions>
    </Filter>
  </ItemGroup>
  <ItemGroup>
    <ClInclude Include="framework.h">
      <Filter>Header Files</Filter>
    </ClInclude>
    <ClInclude Include="oct_angio.h">
      <Filter>Header Files</Filter>
    </ClInclude>
    <ClInclude Include="OctAngio.h">
      <Filter>Header Files</Filter>
    </ClInclude>
    <ClInclude Include="OctAngio2.h">
      <Filter>Header Files</Filter>
    </ClInclude>
    <ClInclude Include="pch.h">
      <Filter>Header Files</Filter>
    </ClInclude>
    <ClInclude Include="AngioChart.h">
      <Filter>Header Files</Filter>
    </ClInclude>
    <ClInclude Include="AngioData.h">
      <Filter>Header Files</Filter>
    </ClInclude>
    <ClInclude Include="AngioDecorr.h">
      <Filter>Header Files</Filter>
    </ClInclude>
    <ClInclude Include="AngioDonutChart.h">
      <Filter>Header Files</Filter>
    </ClInclude>
    <ClInclude Include="AngioEtdrsChart.h">
      <Filter>Header Files</Filter>
    </ClInclude>
    <ClInclude Include="AngioFAZ.h">
      <Filter>Header Files</Filter>
    </ClInclude>
    <ClInclude Include="AngioFile.h">
      <Filter>Header Files</Filter>
    </ClInclude>
    <ClInclude Include="Angiogram.h">
      <Filter>Header Files</Filter>
    </ClInclude>
    <ClInclude Include="AngioGridChart.h">
      <Filter>Header Files</Filter>
    </ClInclude>
    <ClInclude Include="AngioLayers.h">
      <Filter>Header Files</Filter>
    </ClInclude>
    <ClInclude Include="AngioLayout.h">
      <Filter>Header Files</Filter>
    </ClInclude>
    <ClInclude Include="AngioMotion.h">
      <Filter>Header Files</Filter>
    </ClInclude>
    <ClInclude Include="AngioParam.h">
      <Filter>Header Files</Filter>
    </ClInclude>
    <ClInclude Include="AngioPost.h">
      <Filter>Header Files</Filter>
    </ClInclude>
  </ItemGroup>
  <ItemGroup>
    <ClCompile Include="dllmain.cpp">
      <Filter>Source Files</Filter>
    </ClCompile>
    <ClCompile Include="pch.cpp">
      <Filter>Source Files</Filter>
    </ClCompile>
    <ClCompile Include="AngioChart.cpp">
      <Filter>Source Files</Filter>
    </ClCompile>
    <ClCompile Include="AngioData.cpp">
      <Filter>Source Files</Filter>
    </ClCompile>
    <ClCompile Include="AngioDecorr.cpp">
      <Filter>Source Files</Filter>
    </ClCompile>
    <ClCompile Include="AngioDonutChart.cpp">
      <Filter>Source Files</Filter>
    </ClCompile>
    <ClCompile Include="AngioEtdrsChart.cpp">
      <Filter>Source Files</Filter>
    </ClCompile>
    <ClCompile Include="AngioFAZ.cpp">
      <Filter>Source Files</Filter>
    </ClCompile>
    <ClCompile Include="AngioFile.cpp">
      <Filter>Source Files</Filter>
    </ClCompile>
    <ClCompile Include="Angiogram.cpp">
      <Filter>Source Files</Filter>
    </ClCompile>
    <ClCompile Include="AngioGridChart.cpp">
      <Filter>Source Files</Filter>
    </ClCompile>
    <ClCompile Include="AngioLayers.cpp">
      <Filter>Source Files</Filter>
    </ClCompile>
    <ClCompile Include="AngioLayout.cpp">
      <Filter>Source Files</Filter>
    </ClCompile>
    <ClCompile Include="AngioMotion.cpp">
      <Filter>Source Files</Filter>
    </ClCompile>
    <ClCompile Include="AngioParam.cpp">
      <Filter>Source Files</Filter>
    </ClCompile>
    <ClCompile Include="AngioPost.cpp">
      <Filter>Source Files</Filter>
    </ClCompile>
  </ItemGroup>
  <ItemGroup>
    <None Include="packages.config" />
  </ItemGroup>
</Project>