
Microsoft Visual Studio Solution File, Format Version 12.00
# Visual Studio Version 18
VisualStudioVersion = 18.6.11819.183
MinimumVisualStudioVersion = 10.0.40219.1
Project("{2150E333-8FDC-42A3-9474-1A3956D46DE8}") = "Program", "Program", "{70510AB6-B338-4844-B577-16635CF49666}"
EndProject
Project("{2150E333-8FDC-42A3-9474-1A3956D46DE8}") = "Module", "Module", "{4FEFC41E-DFF3-49FE-99D9-F652641A174D}"
EndProject
Project("{2150E333-8FDC-42A3-9474-1A3956D46DE8}") = "Solution Items", "Solution Items", "{AE66AF6F-FFF9-46FC-BB39-4166BFB090E9}"
EndProject
Project("{8BC9CEB8-8B4A-11D0-8D11-00A0C91BC942}") = "CppUtil", "module\CppUtil\CppUtil.vcxproj", "{C49DBE53-3252-453C-A58C-20DF17FF4347}"
EndProject
Project("{8BC9CEB8-8B4A-11D0-8D11-00A0C91BC942}") = "LsoBoard", "module\LsoBoard\LsoBoard.vcxproj", "{11CC2B23-CE69-476E-A20C-DC6A89E24125}"
EndProject
Project("{8BC9CEB8-8B4A-11D0-8D11-00A0C91BC942}") = "LsoDomain", "module\LsoDomain\LsoDomain.vcxproj", "{D8B6A9FF-D359-438C-9F7C-FDB2AE94F6AD}"
EndProject
Project("{8BC9CEB8-8B4A-11D0-8D11-00A0C91BC942}") = "WsoDomain", "module\WsoDomain\WsoDomain.vcxproj", "{6773757A-D48B-442B-8A0A-40855144E884}"
EndProject
Project("{8BC9CEB8-8B4A-11D0-8D11-00A0C91BC942}") = "WsoBoard", "module\WsoBoard\WsoBoard.vcxproj", "{54935651-3AFF-417F-9F4E-8C53B405AB8D}"
EndProject
Global
	GlobalSection(SolutionConfigurationPlatforms) = preSolution
		Debug|x64 = Debug|x64
		Debug|x86 = Debug|x86
		Release|x64 = Release|x64
		Release|x86 = Release|x86
	EndGlobalSection
	GlobalSection(ProjectConfigurationPlatforms) = postSolution
		{C49DBE53-3252-453C-A58C-20DF17FF4347}.Debug|x64.ActiveCfg = Debug|x64
		{C49DBE53-3252-453C-A58C-20DF17FF4347}.Debug|x64.Build.0 = Debug|x64
		{C49DBE53-3252-453C-A58C-20DF17FF4347}.Debug|x86.ActiveCfg = Debug|Win32
		{C49DBE53-3252-453C-A58C-20DF17FF4347}.Debug|x86.Build.0 = Debug|Win32
		{C49DBE53-3252-453C-A58C-20DF17FF4347}.Release|x64.ActiveCfg = Release|x64
		{C49DBE53-3252-453C-A58C-20DF17FF4347}.Release|x64.Build.0 = Release|x64
		{C49DBE53-3252-453C-A58C-20DF17FF4347}.Release|x86.ActiveCfg = Release|Win32
		{C49DBE53-3252-453C-A58C-20DF17FF4347}.Release|x86.Build.0 = Release|Win32
		{11CC2B23-CE69-476E-A20C-DC6A89E24125}.Debug|x64.ActiveCfg = Debug|x64
		{11CC2B23-CE69-476E-A20C-DC6A89E24125}.Debug|x64.Build.0 = Debug|x64
		{11CC2B23-CE69-476E-A20C-DC6A89E24125}.Debug|x86.ActiveCfg = Debug|Win32
		{11CC2B23-CE69-476E-A20C-DC6A89E24125}.Debug|x86.Build.0 = Debug|Win32
		{11CC2B23-CE69-476E-A20C-DC6A89E24125}.Release|x64.ActiveCfg = Release|x64
		{11CC2B23-CE69-476E-A20C-DC6A89E24125}.Release|x64.Build.0 = Release|x64
		{11CC2B23-CE69-476E-A20C-DC6A89E24125}.Release|x86.ActiveCfg = Release|Win32
		{11CC2B23-CE69-476E-A20C-DC6A89E24125}.Release|x86.Build.0 = Release|Win32
		{D8B6A9FF-D359-438C-9F7C-FDB2AE94F6AD}.Debug|x64.ActiveCfg = Debug|x64
		{D8B6A9FF-D359-438C-9F7C-FDB2AE94F6AD}.Debug|x64.Build.0 = Debug|x64
		{D8B6A9FF-D359-438C-9F7C-FDB2AE94F6AD}.Debug|x86.ActiveCfg = Debug|Win32
		{D8B6A9FF-D359-438C-9F7C-FDB2AE94F6AD}.Debug|x86.Build.0 = Debug|Win32
		{D8B6A9FF-D359-438C-9F7C-FDB2AE94F6AD}.Release|x64.ActiveCfg = Release|x64
		{D8B6A9FF-D359-438C-9F7C-FDB2AE94F6AD}.Release|x64.Build.0 = Release|x64
		{D8B6A9FF-D359-438C-9F7C-FDB2AE94F6AD}.Release|x86.ActiveCfg = Release|Win32
		{D8B6A9FF-D359-438C-9F7C-FDB2AE94F6AD}.Release|x86.Build.0 = Release|Win32
		{6773757A-D48B-442B-8A0A-40855144E884}.Debug|x64.ActiveCfg = Debug|x64
		{6773757A-D48B-442B-8A0A-40855144E884}.Debug|x64.Build.0 = Debug|x64
		{6773757A-D48B-442B-8A0A-40855144E884}.Debug|x86.ActiveCfg = Debug|Win32
		{6773757A-D48B-442B-8A0A-40855144E884}.Debug|x86.Build.0 = Debug|Win32
		{6773757A-D48B-442B-8A0A-40855144E884}.Release|x64.ActiveCfg = Release|x64
		{6773757A-D48B-442B-8A0A-40855144E884}.Release|x64.Build.0 = Release|x64
		{6773757A-D48B-442B-8A0A-40855144E884}.Release|x86.ActiveCfg = Release|Win32
		{6773757A-D48B-442B-8A0A-40855144E884}.Release|x86.Build.0 = Release|Win32
		{54935651-3AFF-417F-9F4E-8C53B405AB8D}.Debug|x64.ActiveCfg = Debug|x64
		{54935651-3AFF-417F-9F4E-8C53B405AB8D}.Debug|x64.Build.0 = Debug|x64
		{54935651-3AFF-417F-9F4E-8C53B405AB8D}.Debug|x86.ActiveCfg = Debug|Win32
		{54935651-3AFF-417F-9F4E-8C53B405AB8D}.Debug|x86.Build.0 = Debug|Win32
		{54935651-3AFF-417F-9F4E-8C53B405AB8D}.Release|x64.ActiveCfg = Release|x64
		{54935651-3AFF-417F-9F4E-8C53B405AB8D}.Release|x64.Build.0 = Release|x64
		{54935651-3AFF-417F-9F4E-8C53B405AB8D}.Release|x86.ActiveCfg = Release|Win32
		{54935651-3AFF-417F-9F4E-8C53B405AB8D}.Release|x86.Build.0 = Release|Win32
	EndGlobalSection
	GlobalSection(SolutionProperties) = preSolution
		HideSolutionNode = FALSE
	EndGlobalSection
	GlobalSection(NestedProjects) = preSolution
		{C49DBE53-3252-453C-A58C-20DF17FF4347} = {4FEFC41E-DFF3-49FE-99D9-F652641A174D}
		{11CC2B23-CE69-476E-A20C-DC6A89E24125} = {4FEFC41E-DFF3-49FE-99D9-F652641A174D}
		{D8B6A9FF-D359-438C-9F7C-FDB2AE94F6AD} = {4FEFC41E-DFF3-49FE-99D9-F652641A174D}
		{6773757A-D48B-442B-8A0A-40855144E884} = {4FEFC41E-DFF3-49FE-99D9-F652641A174D}
		{54935651-3AFF-417F-9F4E-8C53B405AB8D} = {4FEFC41E-DFF3-49FE-99D9-F652641A174D}
	EndGlobalSection
	GlobalSection(ExtensibilityGlobals) = postSolution
		SolutionGuid = {29D8D502-7FBB-4DBB-93FC-38007E2B1406}
	EndGlobalSection
EndGlobal
