
Microsoft Visual Studio Solution File, Format Version 12.00
# Visual Studio Version 18
VisualStudioVersion = 18.6.11819.183
MinimumVisualStudioVersion = 10.0.40219.1
Project("{2150E333-8FDC-42A3-9474-1A3956D46DE8}") = "Program", "Program", "{70510AB6-B338-4844-B577-16635CF49666}"
EndProject
Project("{2150E333-8FDC-42A3-9474-1A3956D46DE8}") = "Module", "Module", "{4FEFC41E-DFF3-49FE-99D9-F652641A174D}"
EndProject
Project("{2150E333-8FDC-42A3-9474-1A3956D46DE8}") = "Solution Items", "Solution Items", "{AE66AF6F-FFF9-46FC-BB39-4166BFB090E9}"
EndProject
Project("{8BC9CEB8-8B4A-11D0-8D11-00A0C91BC942}") = "CppUtil", "module\CppUtil\CppUtil.vcxproj", "{C49DBE53-3252-453C-A58C-20DF17FF4347}"
EndProject
Project("{8BC9CEB8-8B4A-11D0-8D11-00A0C91BC942}") = "WsoDomain", "module\WsoDomain\WsoDomain.vcxproj", "{6773757A-D48B-442B-8A0A-40855144E884}"
	ProjectSection(ProjectDependencies) = postProject
		{C49DBE53-3252-453C-A58C-20DF17FF4347} = {C49DBE53-3252-453C-A58C-20DF17FF4347}
	EndProjectSection
EndProject
Project("{8BC9CEB8-8B4A-11D0-8D11-00A0C91BC942}") = "WsoBoard", "module\WsoBoard\WsoBoard.vcxproj", "{54935651-3AFF-417F-9F4E-8C53B405AB8D}"
	ProjectSection(ProjectDependencies) = postProject
		{6773757A-D48B-442B-8A0A-40855144E884} = {6773757A-D48B-442B-8A0A-40855144E884}
		{C49DBE53-3252-453C-A58C-20DF17FF4347} = {C49DBE53-3252-453C-A58C-20DF17FF4347}
	EndProjectSection
EndProject
Project("{8BC9CEB8-8B4A-11D0-8D11-00A0C91BC942}") = "WsoDevice", "module\WsoDevice\WsoDevice.vcxproj", "{B47D34BE-6EF3-4C9B-92B6-A63DBF1A24DF}"
	ProjectSection(ProjectDependencies) = postProject
		{54935651-3AFF-417F-9F4E-8C53B405AB8D} = {54935651-3AFF-417F-9F4E-8C53B405AB8D}
		{6773757A-D48B-442B-8A0A-40855144E884} = {6773757A-D48B-442B-8A0A-40855144E884}
		{C49DBE53-3252-453C-A58C-20DF17FF4347} = {C49DBE53-3252-453C-A58C-20DF17FF4347}
	EndProjectSection
EndProject
Project("{8BC9CEB8-8B4A-11D0-8D11-00A0C91BC942}") = "WsoConfig", "module\WsoConfig\WsoConfig.vcxproj", "{15D18526-A2C3-4005-B198-F2E36E9AB902}"
	ProjectSection(ProjectDependencies) = postProject
		{54935651-3AFF-417F-9F4E-8C53B405AB8D} = {54935651-3AFF-417F-9F4E-8C53B405AB8D}
		{6773757A-D48B-442B-8A0A-40855144E884} = {6773757A-D48B-442B-8A0A-40855144E884}
		{C49DBE53-3252-453C-A58C-20DF17FF4347} = {C49DBE53-3252-453C-A58C-20DF17FF4347}
	EndProjectSection
EndProject
Project("{8BC9CEB8-8B4A-11D0-8D11-00A0C91BC942}") = "WsoSystem", "module\WsoSystem\WsoSystem.vcxproj", "{7116EEF6-7189-4ACC-9C57-C34E8E26D057}"
	ProjectSection(ProjectDependencies) = postProject
		{15D18526-A2C3-4005-B198-F2E36E9AB902} = {15D18526-A2C3-4005-B198-F2E36E9AB902}
		{20919027-BEF8-41A1-868D-D42CD16328FA} = {20919027-BEF8-41A1-868D-D42CD16328FA}
		{4E5FB5FD-9B2F-4B6D-B360-68695393DF57} = {4E5FB5FD-9B2F-4B6D-B360-68695393DF57}
		{54935651-3AFF-417F-9F4E-8C53B405AB8D} = {54935651-3AFF-417F-9F4E-8C53B405AB8D}
		{6773757A-D48B-442B-8A0A-40855144E884} = {6773757A-D48B-442B-8A0A-40855144E884}
		{69B0DC0E-9315-4D0B-9268-EB08B8098D78} = {69B0DC0E-9315-4D0B-9268-EB08B8098D78}
		{6DB1C6D7-CF91-41FB-B114-C13DB6A3FA70} = {6DB1C6D7-CF91-41FB-B114-C13DB6A3FA70}
		{760F43D9-60F3-4635-83CD-27705F6B9D49} = {760F43D9-60F3-4635-83CD-27705F6B9D49}
		{76B88AF1-589B-4D91-8203-0ABE1EF71E57} = {76B88AF1-589B-4D91-8203-0ABE1EF71E57}
		{B47D34BE-6EF3-4C9B-92B6-A63DBF1A24DF} = {B47D34BE-6EF3-4C9B-92B6-A63DBF1A24DF}
		{BB18692E-1865-4510-960C-707244F1BC8E} = {BB18692E-1865-4510-960C-707244F1BC8E}
		{C49DBE53-3252-453C-A58C-20DF17FF4347} = {C49DBE53-3252-453C-A58C-20DF17FF4347}
		{C4EC3C60-D75D-4875-8467-9D569E137624} = {C4EC3C60-D75D-4875-8467-9D569E137624}
	EndProjectSection
EndProject
Project("{8BC9CEB8-8B4A-11D0-8D11-00A0C91BC942}") = "OctGrab", "module\OctGrab\OctGrab.vcxproj", "{C4EC3C60-D75D-4875-8467-9D569E137624}"
	ProjectSection(ProjectDependencies) = postProject
		{6773757A-D48B-442B-8A0A-40855144E884} = {6773757A-D48B-442B-8A0A-40855144E884}
		{C49DBE53-3252-453C-A58C-20DF17FF4347} = {C49DBE53-3252-453C-A58C-20DF17FF4347}
	EndProjectSection
EndProject
Project("{8BC9CEB8-8B4A-11D0-8D11-00A0C91BC942}") = "OctPattern", "module\OctPattern\OctPattern.vcxproj", "{6DB1C6D7-CF91-41FB-B114-C13DB6A3FA70}"
	ProjectSection(ProjectDependencies) = postProject
		{6773757A-D48B-442B-8A0A-40855144E884} = {6773757A-D48B-442B-8A0A-40855144E884}
	EndProjectSection
EndProject
Project("{8BC9CEB8-8B4A-11D0-8D11-00A0C91BC942}") = "SigChain", "module\SigChain\SigChain.vcxproj", "{760F43D9-60F3-4635-83CD-27705F6B9D49}"
	ProjectSection(ProjectDependencies) = postProject
		{15D18526-A2C3-4005-B198-F2E36E9AB902} = {15D18526-A2C3-4005-B198-F2E36E9AB902}
		{54935651-3AFF-417F-9F4E-8C53B405AB8D} = {54935651-3AFF-417F-9F4E-8C53B405AB8D}
		{6773757A-D48B-442B-8A0A-40855144E884} = {6773757A-D48B-442B-8A0A-40855144E884}
		{69B0DC0E-9315-4D0B-9268-EB08B8098D78} = {69B0DC0E-9315-4D0B-9268-EB08B8098D78}
		{C49DBE53-3252-453C-A58C-20DF17FF4347} = {C49DBE53-3252-453C-A58C-20DF17FF4347}
	EndProjectSection
EndProject
Project("{8BC9CEB8-8B4A-11D0-8D11-00A0C91BC942}") = "SigProc", "module\SigProc\SigProc.vcxproj", "{69B0DC0E-9315-4D0B-9268-EB08B8098D78}"
	ProjectSection(ProjectDependencies) = postProject
		{6773757A-D48B-442B-8A0A-40855144E884} = {6773757A-D48B-442B-8A0A-40855144E884}
		{C49DBE53-3252-453C-A58C-20DF17FF4347} = {C49DBE53-3252-453C-A58C-20DF17FF4347}
	EndProjectSection
EndProject
Project("{8BC9CEB8-8B4A-11D0-8D11-00A0C91BC942}") = "OctScan", "module\OctScan\OctScan.vcxproj", "{BB18692E-1865-4510-960C-707244F1BC8E}"
	ProjectSection(ProjectDependencies) = postProject
		{15D18526-A2C3-4005-B198-F2E36E9AB902} = {15D18526-A2C3-4005-B198-F2E36E9AB902}
		{54935651-3AFF-417F-9F4E-8C53B405AB8D} = {54935651-3AFF-417F-9F4E-8C53B405AB8D}
		{6773757A-D48B-442B-8A0A-40855144E884} = {6773757A-D48B-442B-8A0A-40855144E884}
		{6DB1C6D7-CF91-41FB-B114-C13DB6A3FA70} = {6DB1C6D7-CF91-41FB-B114-C13DB6A3FA70}
		{760F43D9-60F3-4635-83CD-27705F6B9D49} = {760F43D9-60F3-4635-83CD-27705F6B9D49}
		{B47D34BE-6EF3-4C9B-92B6-A63DBF1A24DF} = {B47D34BE-6EF3-4C9B-92B6-A63DBF1A24DF}
		{C49DBE53-3252-453C-A58C-20DF17FF4347} = {C49DBE53-3252-453C-A58C-20DF17FF4347}
		{C4EC3C60-D75D-4875-8467-9D569E137624} = {C4EC3C60-D75D-4875-8467-9D569E137624}
	EndProjectSection
EndProject
Project("{8BC9CEB8-8B4A-11D0-8D11-00A0C91BC942}") = "OctResult", "module\OctResult\OctResult.vcxproj", "{4E5FB5FD-9B2F-4B6D-B360-68695393DF57}"
	ProjectSection(ProjectDependencies) = postProject
		{6773757A-D48B-442B-8A0A-40855144E884} = {6773757A-D48B-442B-8A0A-40855144E884}
		{C49DBE53-3252-453C-A58C-20DF17FF4347} = {C49DBE53-3252-453C-A58C-20DF17FF4347}
	EndProjectSection
EndProject
Project("{8BC9CEB8-8B4A-11D0-8D11-00A0C91BC942}") = "OctAngio", "module\OctAngio\OctAngio.vcxproj", "{20919027-BEF8-41A1-868D-D42CD16328FA}"
	ProjectSection(ProjectDependencies) = postProject
		{15D18526-A2C3-4005-B198-F2E36E9AB902} = {15D18526-A2C3-4005-B198-F2E36E9AB902}
		{54935651-3AFF-417F-9F4E-8C53B405AB8D} = {54935651-3AFF-417F-9F4E-8C53B405AB8D}
		{6773757A-D48B-442B-8A0A-40855144E884} = {6773757A-D48B-442B-8A0A-40855144E884}
		{69B0DC0E-9315-4D0B-9268-EB08B8098D78} = {69B0DC0E-9315-4D0B-9268-EB08B8098D78}
		{760F43D9-60F3-4635-83CD-27705F6B9D49} = {760F43D9-60F3-4635-83CD-27705F6B9D49}
		{B47D34BE-6EF3-4C9B-92B6-A63DBF1A24DF} = {B47D34BE-6EF3-4C9B-92B6-A63DBF1A24DF}
		{C49DBE53-3252-453C-A58C-20DF17FF4347} = {C49DBE53-3252-453C-A58C-20DF17FF4347}
	EndProjectSection
EndProject
Project("{8BC9CEB8-8B4A-11D0-8D11-00A0C91BC942}") = "RetParam", "module\RetParam\RetParam.vcxproj", "{FFB6CE06-2098-4E1F-8254-0896B32AF618}"
	ProjectSection(ProjectDependencies) = postProject
		{6773757A-D48B-442B-8A0A-40855144E884} = {6773757A-D48B-442B-8A0A-40855144E884}
		{8FC76096-182B-4314-9DFA-FCDA44366657} = {8FC76096-182B-4314-9DFA-FCDA44366657}
		{C49DBE53-3252-453C-A58C-20DF17FF4347} = {C49DBE53-3252-453C-A58C-20DF17FF4347}
	EndProjectSection
EndProject
Project("{8BC9CEB8-8B4A-11D0-8D11-00A0C91BC942}") = "RetSegm", "module\RetSegm\RetSegm.vcxproj", "{8FC76096-182B-4314-9DFA-FCDA44366657}"
	ProjectSection(ProjectDependencies) = postProject
		{6773757A-D48B-442B-8A0A-40855144E884} = {6773757A-D48B-442B-8A0A-40855144E884}
		{C49DBE53-3252-453C-A58C-20DF17FF4347} = {C49DBE53-3252-453C-A58C-20DF17FF4347}
	EndProjectSection
EndProject
Project("{8BC9CEB8-8B4A-11D0-8D11-00A0C91BC942}") = "SegmProc", "module\SegmProc\SegmProc.vcxproj", "{76B88AF1-589B-4D91-8203-0ABE1EF71E57}"
	ProjectSection(ProjectDependencies) = postProject
		{409F2144-0A24-4AD5-A023-3161B5A191B8} = {409F2144-0A24-4AD5-A023-3161B5A191B8}
		{4E5FB5FD-9B2F-4B6D-B360-68695393DF57} = {4E5FB5FD-9B2F-4B6D-B360-68695393DF57}
		{639AFCE1-47AD-4BB8-BADD-64777087DEED} = {639AFCE1-47AD-4BB8-BADD-64777087DEED}
		{6773757A-D48B-442B-8A0A-40855144E884} = {6773757A-D48B-442B-8A0A-40855144E884}
		{695BCE38-E151-4443-9F1E-08DF4470DAE6} = {695BCE38-E151-4443-9F1E-08DF4470DAE6}
		{8FC76096-182B-4314-9DFA-FCDA44366657} = {8FC76096-182B-4314-9DFA-FCDA44366657}
		{C49DBE53-3252-453C-A58C-20DF17FF4347} = {C49DBE53-3252-453C-A58C-20DF17FF4347}
	EndProjectSection
EndProject
Project("{8BC9CEB8-8B4A-11D0-8D11-00A0C91BC942}") = "SegmScan", "module\SegmScan\SegmScan.vcxproj", "{695BCE38-E151-4443-9F1E-08DF4470DAE6}"
	ProjectSection(ProjectDependencies) = postProject
		{639AFCE1-47AD-4BB8-BADD-64777087DEED} = {639AFCE1-47AD-4BB8-BADD-64777087DEED}
		{6773757A-D48B-442B-8A0A-40855144E884} = {6773757A-D48B-442B-8A0A-40855144E884}
		{7FD07A23-B7A4-450B-9719-E3C0E8ACE5C3} = {7FD07A23-B7A4-450B-9719-E3C0E8ACE5C3}
		{8FC76096-182B-4314-9DFA-FCDA44366657} = {8FC76096-182B-4314-9DFA-FCDA44366657}
		{C49DBE53-3252-453C-A58C-20DF17FF4347} = {C49DBE53-3252-453C-A58C-20DF17FF4347}
		{FFB6CE06-2098-4E1F-8254-0896B32AF618} = {FFB6CE06-2098-4E1F-8254-0896B32AF618}
	EndProjectSection
EndProject
Project("{8BC9CEB8-8B4A-11D0-8D11-00A0C91BC942}") = "NormData", "module\NormData\NormData.vcxproj", "{7FD07A23-B7A4-450B-9719-E3C0E8ACE5C3}"
	ProjectSection(ProjectDependencies) = postProject
		{6773757A-D48B-442B-8A0A-40855144E884} = {6773757A-D48B-442B-8A0A-40855144E884}
		{C49DBE53-3252-453C-A58C-20DF17FF4347} = {C49DBE53-3252-453C-A58C-20DF17FF4347}
	EndProjectSection
EndProject
Project("{8BC9CEB8-8B4A-11D0-8D11-00A0C91BC942}") = "SemtSegm", "module\SemtSegm\SemtSegm.vcxproj", "{639AFCE1-47AD-4BB8-BADD-64777087DEED}"
	ProjectSection(ProjectDependencies) = postProject
		{6773757A-D48B-442B-8A0A-40855144E884} = {6773757A-D48B-442B-8A0A-40855144E884}
		{8FC76096-182B-4314-9DFA-FCDA44366657} = {8FC76096-182B-4314-9DFA-FCDA44366657}
		{C49DBE53-3252-453C-A58C-20DF17FF4347} = {C49DBE53-3252-453C-A58C-20DF17FF4347}
	EndProjectSection
EndProject
Project("{8BC9CEB8-8B4A-11D0-8D11-00A0C91BC942}") = "OctReport", "module\OctReport\OctReport.vcxproj", "{409F2144-0A24-4AD5-A023-3161B5A191B8}"
	ProjectSection(ProjectDependencies) = postProject
		{20919027-BEF8-41A1-868D-D42CD16328FA} = {20919027-BEF8-41A1-868D-D42CD16328FA}
		{4E5FB5FD-9B2F-4B6D-B360-68695393DF57} = {4E5FB5FD-9B2F-4B6D-B360-68695393DF57}
		{6773757A-D48B-442B-8A0A-40855144E884} = {6773757A-D48B-442B-8A0A-40855144E884}
		{695BCE38-E151-4443-9F1E-08DF4470DAE6} = {695BCE38-E151-4443-9F1E-08DF4470DAE6}
		{8FC76096-182B-4314-9DFA-FCDA44366657} = {8FC76096-182B-4314-9DFA-FCDA44366657}
		{C49DBE53-3252-453C-A58C-20DF17FF4347} = {C49DBE53-3252-453C-A58C-20DF17FF4347}
	EndProjectSection
EndProject
Project("{FAE04EC0-301F-11D3-BF4B-00C04F79EFBC}") = "WsoNativeLib", "module\WsoNativeLib\WsoNativeLib.csproj", "{E5C9DDEB-2641-057A-31A3-194E71C69349}"
EndProject
Project("{FAE04EC0-301F-11D3-BF4B-00C04F79EFBC}") = "TestWsoSystem", "program\TestWsoSystem\TestWsoSystem.csproj", "{98D0365C-A01F-4C0C-A680-4592544C191A}"
EndProject
Project("{8BC9CEB8-8B4A-11D0-8D11-00A0C91BC942}") = "WsoAnalytics", "module\WsoAnalytics\WsoAnalytics.vcxproj", "{98E8604E-76C9-40FA-9AD2-E51001E45273}"
	ProjectSection(ProjectDependencies) = postProject
		{15D18526-A2C3-4005-B198-F2E36E9AB902} = {15D18526-A2C3-4005-B198-F2E36E9AB902}
		{54935651-3AFF-417F-9F4E-8C53B405AB8D} = {54935651-3AFF-417F-9F4E-8C53B405AB8D}
		{6773757A-D48B-442B-8A0A-40855144E884} = {6773757A-D48B-442B-8A0A-40855144E884}
		{B47D34BE-6EF3-4C9B-92B6-A63DBF1A24DF} = {B47D34BE-6EF3-4C9B-92B6-A63DBF1A24DF}
		{C49DBE53-3252-453C-A58C-20DF17FF4347} = {C49DBE53-3252-453C-A58C-20DF17FF4347}
	EndProjectSection
EndProject
Project("{FAE04EC0-301F-11D3-BF4B-00C04F79EFBC}") = "WsoToolkit", "program\WsoToolkit\WsoToolkit.csproj", "{060E6E83-0D06-4720-947B-480C7C0A16E1}"
EndProject
Global
	GlobalSection(SolutionConfigurationPlatforms) = preSolution
		Debug|Any CPU = Debug|Any CPU
		Debug|x64 = Debug|x64
		Debug|x86 = Debug|x86
		Release|Any CPU = Release|Any CPU
		Release|x64 = Release|x64
		Release|x86 = Release|x86
	EndGlobalSection
	GlobalSection(ProjectConfigurationPlatforms) = postSolution
		{C49DBE53-3252-453C-A58C-20DF17FF4347}.Debug|Any CPU.ActiveCfg = Debug|x64
		{C49DBE53-3252-453C-A58C-20DF17FF4347}.Debug|Any CPU.Build.0 = Debug|x64
		{C49DBE53-3252-453C-A58C-20DF17FF4347}.Debug|x64.ActiveCfg = Debug|x64
		{C49DBE53-3252-453C-A58C-20DF17FF4347}.Debug|x64.Build.0 = Debug|x64
		{C49DBE53-3252-453C-A58C-20DF17FF4347}.Debug|x86.ActiveCfg = Debug|Win32
		{C49DBE53-3252-453C-A58C-20DF17FF4347}.Debug|x86.Build.0 = Debug|Win32
		{C49DBE53-3252-453C-A58C-20DF17FF4347}.Release|Any CPU.ActiveCfg = Release|x64
		{C49DBE53-3252-453C-A58C-20DF17FF4347}.Release|Any CPU.Build.0 = Release|x64
		{C49DBE53-3252-453C-A58C-20DF17FF4347}.Release|x64.ActiveCfg = Release|x64
		{C49DBE53-3252-453C-A58C-20DF17FF4347}.Release|x64.Build.0 = Release|x64
		{C49DBE53-3252-453C-A58C-20DF17FF4347}.Release|x86.ActiveCfg = Release|Win32
		{C49DBE53-3252-453C-A58C-20DF17FF4347}.Release|x86.Build.0 = Release|Win32
		{6773757A-D48B-442B-8A0A-40855144E884}.Debug|Any CPU.ActiveCfg = Debug|x64
		{6773757A-D48B-442B-8A0A-40855144E884}.Debug|Any CPU.Build.0 = Debug|x64
		{6773757A-D48B-442B-8A0A-40855144E884}.Debug|x64.ActiveCfg = Debug|x64
		{6773757A-D48B-442B-8A0A-40855144E884}.Debug|x64.Build.0 = Debug|x64
		{6773757A-D48B-442B-8A0A-40855144E884}.Debug|x86.ActiveCfg = Debug|Win32
		{6773757A-D48B-442B-8A0A-40855144E884}.Debug|x86.Build.0 = Debug|Win32
		{6773757A-D48B-442B-8A0A-40855144E884}.Release|Any CPU.ActiveCfg = Release|x64
		{6773757A-D48B-442B-8A0A-40855144E884}.Release|Any CPU.Build.0 = Release|x64
		{6773757A-D48B-442B-8A0A-40855144E884}.Release|x64.ActiveCfg = Release|x64
		{6773757A-D48B-442B-8A0A-40855144E884}.Release|x64.Build.0 = Release|x64
		{6773757A-D48B-442B-8A0A-40855144E884}.Release|x86.ActiveCfg = Release|Win32
		{6773757A-D48B-442B-8A0A-40855144E884}.Release|x86.Build.0 = Release|Win32
		{54935651-3AFF-417F-9F4E-8C53B405AB8D}.Debug|Any CPU.ActiveCfg = Debug|x64
		{54935651-3AFF-417F-9F4E-8C53B405AB8D}.Debug|Any CPU.Build.0 = Debug|x64
		{54935651-3AFF-417F-9F4E-8C53B405AB8D}.Debug|x64.ActiveCfg = Debug|x64
		{54935651-3AFF-417F-9F4E-8C53B405AB8D}.Debug|x64.Build.0 = Debug|x64
		{54935651-3AFF-417F-9F4E-8C53B405AB8D}.Debug|x86.ActiveCfg = Debug|Win32
		{54935651-3AFF-417F-9F4E-8C53B405AB8D}.Debug|x86.Build.0 = Debug|Win32
		{54935651-3AFF-417F-9F4E-8C53B405AB8D}.Release|Any CPU.ActiveCfg = Release|x64
		{54935651-3AFF-417F-9F4E-8C53B405AB8D}.Release|Any CPU.Build.0 = Release|x64
		{54935651-3AFF-417F-9F4E-8C53B405AB8D}.Release|x64.ActiveCfg = Release|x64
		{54935651-3AFF-417F-9F4E-8C53B405AB8D}.Release|x64.Build.0 = Release|x64
		{54935651-3AFF-417F-9F4E-8C53B405AB8D}.Release|x86.ActiveCfg = Release|Win32
		{54935651-3AFF-417F-9F4E-8C53B405AB8D}.Release|x86.Build.0 = Release|Win32
		{B47D34BE-6EF3-4C9B-92B6-A63DBF1A24DF}.Debug|Any CPU.ActiveCfg = Debug|x64
		{B47D34BE-6EF3-4C9B-92B6-A63DBF1A24DF}.Debug|Any CPU.Build.0 = Debug|x64
		{B47D34BE-6EF3-4C9B-92B6-A63DBF1A24DF}.Debug|x64.ActiveCfg = Debug|x64
		{B47D34BE-6EF3-4C9B-92B6-A63DBF1A24DF}.Debug|x64.Build.0 = Debug|x64
		{B47D34BE-6EF3-4C9B-92B6-A63DBF1A24DF}.Debug|x86.ActiveCfg = Debug|Win32
		{B47D34BE-6EF3-4C9B-92B6-A63DBF1A24DF}.Debug|x86.Build.0 = Debug|Win32
		{B47D34BE-6EF3-4C9B-92B6-A63DBF1A24DF}.Release|Any CPU.ActiveCfg = Release|x64
		{B47D34BE-6EF3-4C9B-92B6-A63DBF1A24DF}.Release|Any CPU.Build.0 = Release|x64
		{B47D34BE-6EF3-4C9B-92B6-A63DBF1A24DF}.Release|x64.ActiveCfg = Release|x64
		{B47D34BE-6EF3-4C9B-92B6-A63DBF1A24DF}.Release|x64.Build.0 = Release|x64
		{B47D34BE-6EF3-4C9B-92B6-A63DBF1A24DF}.Release|x86.ActiveCfg = Release|Win32
		{B47D34BE-6EF3-4C9B-92B6-A63DBF1A24DF}.Release|x86.Build.0 = Release|Win32
		{15D18526-A2C3-4005-B198-F2E36E9AB902}.Debug|Any CPU.ActiveCfg = Debug|x64
		{15D18526-A2C3-4005-B198-F2E36E9AB902}.Debug|Any CPU.Build.0 = Debug|x64
		{15D18526-A2C3-4005-B198-F2E36E9AB902}.Debug|x64.ActiveCfg = Debug|x64
		{15D18526-A2C3-4005-B198-F2E36E9AB902}.Debug|x64.Build.0 = Debug|x64
		{15D18526-A2C3-4005-B198-F2E36E9AB902}.Debug|x86.ActiveCfg = Debug|Win32
		{15D18526-A2C3-4005-B198-F2E36E9AB902}.Debug|x86.Build.0 = Debug|Win32
		{15D18526-A2C3-4005-B198-F2E36E9AB902}.Release|Any CPU.ActiveCfg = Release|x64
		{15D18526-A2C3-4005-B198-F2E36E9AB902}.Release|Any CPU.Build.0 = Release|x64
		{15D18526-A2C3-4005-B198-F2E36E9AB902}.Release|x64.ActiveCfg = Release|x64
		{15D18526-A2C3-4005-B198-F2E36E9AB902}.Release|x64.Build.0 = Release|x64
		{15D18526-A2C3-4005-B198-F2E36E9AB902}.Release|x86.ActiveCfg = Release|Win32
		{15D18526-A2C3-4005-B198-F2E36E9AB902}.Release|x86.Build.0 = Release|Win32
		{7116EEF6-7189-4ACC-9C57-C34E8E26D057}.Debug|Any CPU.ActiveCfg = Debug|x64
		{7116EEF6-7189-4ACC-9C57-C34E8E26D057}.Debug|Any CPU.Build.0 = Debug|x64
		{7116EEF6-7189-4ACC-9C57-C34E8E26D057}.Debug|x64.ActiveCfg = Debug|x64
		{7116EEF6-7189-4ACC-9C57-C34E8E26D057}.Debug|x64.Build.0 = Debug|x64
		{7116EEF6-7189-4ACC-9C57-C34E8E26D057}.Debug|x86.ActiveCfg = Debug|Win32
		{7116EEF6-7189-4ACC-9C57-C34E8E26D057}.Debug|x86.Build.0 = Debug|Win32
		{7116EEF6-7189-4ACC-9C57-C34E8E26D057}.Release|Any CPU.ActiveCfg = Release|x64
		{7116EEF6-7189-4ACC-9C57-C34E8E26D057}.Release|Any CPU.Build.0 = Release|x64
		{7116EEF6-7189-4ACC-9C57-C34E8E26D057}.Release|x64.ActiveCfg = Release|x64
		{7116EEF6-7189-4ACC-9C57-C34E8E26D057}.Release|x64.Build.0 = Release|x64
		{7116EEF6-7189-4ACC-9C57-C34E8E26D057}.Release|x86.ActiveCfg = Release|Win32
		{7116EEF6-7189-4ACC-9C57-C34E8E26D057}.Release|x86.Build.0 = Release|Win32
		{C4EC3C60-D75D-4875-8467-9D569E137624}.Debug|Any CPU.ActiveCfg = Debug|x64
		{C4EC3C60-D75D-4875-8467-9D569E137624}.Debug|Any CPU.Build.0 = Debug|x64
		{C4EC3C60-D75D-4875-8467-9D569E137624}.Debug|x64.ActiveCfg = Debug|x64
		{C4EC3C60-D75D-4875-8467-9D569E137624}.Debug|x64.Build.0 = Debug|x64
		{C4EC3C60-D75D-4875-8467-9D569E137624}.Debug|x86.ActiveCfg = Debug|Win32
		{C4EC3C60-D75D-4875-8467-9D569E137624}.Debug|x86.Build.0 = Debug|Win32
		{C4EC3C60-D75D-4875-8467-9D569E137624}.Release|Any CPU.ActiveCfg = Release|x64
		{C4EC3C60-D75D-4875-8467-9D569E137624}.Release|Any CPU.Build.0 = Release|x64
		{C4EC3C60-D75D-4875-8467-9D569E137624}.Release|x64.ActiveCfg = Release|x64
		{C4EC3C60-D75D-4875-8467-9D569E137624}.Release|x64.Build.0 = Release|x64
		{C4EC3C60-D75D-4875-8467-9D569E137624}.Release|x86.ActiveCfg = Release|Win32
		{C4EC3C60-D75D-4875-8467-9D569E137624}.Release|x86.Build.0 = Release|Win32
		{6DB1C6D7-CF91-41FB-B114-C13DB6A3FA70}.Debug|Any CPU.ActiveCfg = Debug|x64
		{6DB1C6D7-CF91-41FB-B114-C13DB6A3FA70}.Debug|Any CPU.Build.0 = Debug|x64
		{6DB1C6D7-CF91-41FB-B114-C13DB6A3FA70}.Debug|x64.ActiveCfg = Debug|x64
		{6DB1C6D7-CF91-41FB-B114-C13DB6A3FA70}.Debug|x64.Build.0 = Debug|x64
		{6DB1C6D7-CF91-41FB-B114-C13DB6A3FA70}.Debug|x86.ActiveCfg = Debug|Win32
		{6DB1C6D7-CF91-41FB-B114-C13DB6A3FA70}.Debug|x86.Build.0 = Debug|Win32
		{6DB1C6D7-CF91-41FB-B114-C13DB6A3FA70}.Release|Any CPU.ActiveCfg = Release|x64
		{6DB1C6D7-CF91-41FB-B114-C13DB6A3FA70}.Release|Any CPU.Build.0 = Release|x64
		{6DB1C6D7-CF91-41FB-B114-C13DB6A3FA70}.Release|x64.ActiveCfg = Release|x64
		{6DB1C6D7-CF91-41FB-B114-C13DB6A3FA70}.Release|x64.Build.0 = Release|x64
		{6DB1C6D7-CF91-41FB-B114-C13DB6A3FA70}.Release|x86.ActiveCfg = Release|Win32
		{6DB1C6D7-CF91-41FB-B114-C13DB6A3FA70}.Release|x86.Build.0 = Release|Win32
		{760F43D9-60F3-4635-83CD-27705F6B9D49}.Debug|Any CPU.ActiveCfg = Debug|x64
		{760F43D9-60F3-4635-83CD-27705F6B9D49}.Debug|Any CPU.Build.0 = Debug|x64
		{760F43D9-60F3-4635-83CD-27705F6B9D49}.Debug|x64.ActiveCfg = Debug|x64
		{760F43D9-60F3-4635-83CD-27705F6B9D49}.Debug|x64.Build.0 = Debug|x64
		{760F43D9-60F3-4635-83CD-27705F6B9D49}.Debug|x86.ActiveCfg = Debug|Win32
		{760F43D9-60F3-4635-83CD-27705F6B9D49}.Debug|x86.Build.0 = Debug|Win32
		{760F43D9-60F3-4635-83CD-27705F6B9D49}.Release|Any CPU.ActiveCfg = Release|x64
		{760F43D9-60F3-4635-83CD-27705F6B9D49}.Release|Any CPU.Build.0 = Release|x64
		{760F43D9-60F3-4635-83CD-27705F6B9D49}.Release|x64.ActiveCfg = Release|x64
		{760F43D9-60F3-4635-83CD-27705F6B9D49}.Release|x64.Build.0 = Release|x64
		{760F43D9-60F3-4635-83CD-27705F6B9D49}.Release|x86.ActiveCfg = Release|Win32
		{760F43D9-60F3-4635-83CD-27705F6B9D49}.Release|x86.Build.0 = Release|Win32
		{69B0DC0E-9315-4D0B-9268-EB08B8098D78}.Debug|Any CPU.ActiveCfg = Debug|x64
		{69B0DC0E-9315-4D0B-9268-EB08B8098D78}.Debug|Any CPU.Build.0 = Debug|x64
		{69B0DC0E-9315-4D0B-9268-EB08B8098D78}.Debug|x64.ActiveCfg = Debug|x64
		{69B0DC0E-9315-4D0B-9268-EB08B8098D78}.Debug|x64.Build.0 = Debug|x64
		{69B0DC0E-9315-4D0B-9268-EB08B8098D78}.Debug|x86.ActiveCfg = Debug|Win32
		{69B0DC0E-9315-4D0B-9268-EB08B8098D78}.Debug|x86.Build.0 = Debug|Win32
		{69B0DC0E-9315-4D0B-9268-EB08B8098D78}.Release|Any CPU.ActiveCfg = Release|x64
		{69B0DC0E-9315-4D0B-9268-EB08B8098D78}.Release|Any CPU.Build.0 = Release|x64
		{69B0DC0E-9315-4D0B-9268-EB08B8098D78}.Release|x64.ActiveCfg = Release|x64
		{69B0DC0E-9315-4D0B-9268-EB08B8098D78}.Release|x64.Build.0 = Release|x64
		{69B0DC0E-9315-4D0B-9268-EB08B8098D78}.Release|x86.ActiveCfg = Release|Win32
		{69B0DC0E-9315-4D0B-9268-EB08B8098D78}.Release|x86.Build.0 = Release|Win32
		{BB18692E-1865-4510-960C-707244F1BC8E}.Debug|Any CPU.ActiveCfg = Debug|x64
		{BB18692E-1865-4510-960C-707244F1BC8E}.Debug|Any CPU.Build.0 = Debug|x64
		{BB18692E-1865-4510-960C-707244F1BC8E}.Debug|x64.ActiveCfg = Debug|x64
		{BB18692E-1865-4510-960C-707244F1BC8E}.Debug|x64.Build.0 = Debug|x64
		{BB18692E-1865-4510-960C-707244F1BC8E}.Debug|x86.ActiveCfg = Debug|Win32
		{BB18692E-1865-4510-960C-707244F1BC8E}.Debug|x86.Build.0 = Debug|Win32
		{BB18692E-1865-4510-960C-707244F1BC8E}.Release|Any CPU.ActiveCfg = Release|x64
		{BB18692E-1865-4510-960C-707244F1BC8E}.Release|Any CPU.Build.0 = Release|x64
		{BB18692E-1865-4510-960C-707244F1BC8E}.Release|x64.ActiveCfg = Release|x64
		{BB18692E-1865-4510-960C-707244F1BC8E}.Release|x64.Build.0 = Release|x64
		{BB18692E-1865-4510-960C-707244F1BC8E}.Release|x86.ActiveCfg = Release|Win32
		{BB18692E-1865-4510-960C-707244F1BC8E}.Release|x86.Build.0 = Release|Win32
		{4E5FB5FD-9B2F-4B6D-B360-68695393DF57}.Debug|Any CPU.ActiveCfg = Debug|x64
		{4E5FB5FD-9B2F-4B6D-B360-68695393DF57}.Debug|Any CPU.Build.0 = Debug|x64
		{4E5FB5FD-9B2F-4B6D-B360-68695393DF57}.Debug|x64.ActiveCfg = Debug|x64
		{4E5FB5FD-9B2F-4B6D-B360-68695393DF57}.Debug|x64.Build.0 = Debug|x64
		{4E5FB5FD-9B2F-4B6D-B360-68695393DF57}.Debug|x86.ActiveCfg = Debug|Win32
		{4E5FB5FD-9B2F-4B6D-B360-68695393DF57}.Debug|x86.Build.0 = Debug|Win32
		{4E5FB5FD-9B2F-4B6D-B360-68695393DF57}.Release|Any CPU.ActiveCfg = Release|x64
		{4E5FB5FD-9B2F-4B6D-B360-68695393DF57}.Release|Any CPU.Build.0 = Release|x64
		{4E5FB5FD-9B2F-4B6D-B360-68695393DF57}.Release|x64.ActiveCfg = Release|x64
		{4E5FB5FD-9B2F-4B6D-B360-68695393DF57}.Release|x64.Build.0 = Release|x64
		{4E5FB5FD-9B2F-4B6D-B360-68695393DF57}.Release|x86.ActiveCfg = Release|Win32
		{4E5FB5FD-9B2F-4B6D-B360-68695393DF57}.Release|x86.Build.0 = Release|Win32
		{20919027-BEF8-41A1-868D-D42CD16328FA}.Debug|Any CPU.ActiveCfg = Debug|x64
		{20919027-BEF8-41A1-868D-D42CD16328FA}.Debug|Any CPU.Build.0 = Debug|x64
		{20919027-BEF8-41A1-868D-D42CD16328FA}.Debug|x64.ActiveCfg = Debug|x64
		{20919027-BEF8-41A1-868D-D42CD16328FA}.Debug|x64.Build.0 = Debug|x64
		{20919027-BEF8-41A1-868D-D42CD16328FA}.Debug|x86.ActiveCfg = Debug|Win32
		{20919027-BEF8-41A1-868D-D42CD16328FA}.Debug|x86.Build.0 = Debug|Win32
		{20919027-BEF8-41A1-868D-D42CD16328FA}.Release|Any CPU.ActiveCfg = Release|x64
		{20919027-BEF8-41A1-868D-D42CD16328FA}.Release|Any CPU.Build.0 = Release|x64
		{20919027-BEF8-41A1-868D-D42CD16328FA}.Release|x64.ActiveCfg = Release|x64
		{20919027-BEF8-41A1-868D-D42CD16328FA}.Release|x64.Build.0 = Release|x64
		{20919027-BEF8-41A1-868D-D42CD16328FA}.Release|x86.ActiveCfg = Release|Win32
		{20919027-BEF8-41A1-868D-D42CD16328FA}.Release|x86.Build.0 = Release|Win32
		{FFB6CE06-2098-4E1F-8254-0896B32AF618}.Debug|Any CPU.ActiveCfg = Debug|x64
		{FFB6CE06-2098-4E1F-8254-0896B32AF618}.Debug|Any CPU.Build.0 = Debug|x64
		{FFB6CE06-2098-4E1F-8254-0896B32AF618}.Debug|x64.ActiveCfg = Debug|x64
		{FFB6CE06-2098-4E1F-8254-0896B32AF618}.Debug|x64.Build.0 = Debug|x64
		{FFB6CE06-2098-4E1F-8254-0896B32AF618}.Debug|x86.ActiveCfg = Debug|Win32
		{FFB6CE06-2098-4E1F-8254-0896B32AF618}.Debug|x86.Build.0 = Debug|Win32
		{FFB6CE06-2098-4E1F-8254-0896B32AF618}.Release|Any CPU.ActiveCfg = Release|x64
		{FFB6CE06-2098-4E1F-8254-0896B32AF618}.Release|Any CPU.Build.0 = Release|x64
		{FFB6CE06-2098-4E1F-8254-0896B32AF618}.Release|x64.ActiveCfg = Release|x64
		{FFB6CE06-2098-4E1F-8254-0896B32AF618}.Release|x64.Build.0 = Release|x64
		{FFB6CE06-2098-4E1F-8254-0896B32AF618}.Release|x86.ActiveCfg = Release|Win32
		{FFB6CE06-2098-4E1F-8254-0896B32AF618}.Release|x86.Build.0 = Release|Win32
		{8FC76096-182B-4314-9DFA-FCDA44366657}.Debug|Any CPU.ActiveCfg = Debug|x64
		{8FC76096-182B-4314-9DFA-FCDA44366657}.Debug|Any CPU.Build.0 = Debug|x64
		{8FC76096-182B-4314-9DFA-FCDA44366657}.Debug|x64.ActiveCfg = Debug|x64
		{8FC76096-182B-4314-9DFA-FCDA44366657}.Debug|x64.Build.0 = Debug|x64
		{8FC76096-182B-4314-9DFA-FCDA44366657}.Debug|x86.ActiveCfg = Debug|Win32
		{8FC76096-182B-4314-9DFA-FCDA44366657}.Debug|x86.Build.0 = Debug|Win32
		{8FC76096-182B-4314-9DFA-FCDA44366657}.Release|Any CPU.ActiveCfg = Release|x64
		{8FC76096-182B-4314-9DFA-FCDA44366657}.Release|Any CPU.Build.0 = Release|x64
		{8FC76096-182B-4314-9DFA-FCDA44366657}.Release|x64.ActiveCfg = Release|x64
		{8FC76096-182B-4314-9DFA-FCDA44366657}.Release|x64.Build.0 = Release|x64
		{8FC76096-182B-4314-9DFA-FCDA44366657}.Release|x86.ActiveCfg = Release|Win32
		{8FC76096-182B-4314-9DFA-FCDA44366657}.Release|x86.Build.0 = Release|Win32
		{76B88AF1-589B-4D91-8203-0ABE1EF71E57}.Debug|Any CPU.ActiveCfg = Debug|x64
		{76B88AF1-589B-4D91-8203-0ABE1EF71E57}.Debug|Any CPU.Build.0 = Debug|x64
		{76B88AF1-589B-4D91-8203-0ABE1EF71E57}.Debug|x64.ActiveCfg = Debug|x64
		{76B88AF1-589B-4D91-8203-0ABE1EF71E57}.Debug|x64.Build.0 = Debug|x64
		{76B88AF1-589B-4D91-8203-0ABE1EF71E57}.Debug|x86.ActiveCfg = Debug|Win32
		{76B88AF1-589B-4D91-8203-0ABE1EF71E57}.Debug|x86.Build.0 = Debug|Win32
		{76B88AF1-589B-4D91-8203-0ABE1EF71E57}.Release|Any CPU.ActiveCfg = Release|x64
		{76B88AF1-589B-4D91-8203-0ABE1EF71E57}.Release|Any CPU.Build.0 = Release|x64
		{76B88AF1-589B-4D91-8203-0ABE1EF71E57}.Release|x64.ActiveCfg = Release|x64
		{76B88AF1-589B-4D91-8203-0ABE1EF71E57}.Release|x64.Build.0 = Release|x64
		{76B88AF1-589B-4D91-8203-0ABE1EF71E57}.Release|x86.ActiveCfg = Release|Win32
		{76B88AF1-589B-4D91-8203-0ABE1EF71E57}.Release|x86.Build.0 = Release|Win32
		{695BCE38-E151-4443-9F1E-08DF4470DAE6}.Debug|Any CPU.ActiveCfg = Debug|x64
		{695BCE38-E151-4443-9F1E-08DF4470DAE6}.Debug|Any CPU.Build.0 = Debug|x64
		{695BCE38-E151-4443-9F1E-08DF4470DAE6}.Debug|x64.ActiveCfg = Debug|x64
		{695BCE38-E151-4443-9F1E-08DF4470DAE6}.Debug|x64.Build.0 = Debug|x64
		{695BCE38-E151-4443-9F1E-08DF4470DAE6}.Debug|x86.ActiveCfg = Debug|Win32
		{695BCE38-E151-4443-9F1E-08DF4470DAE6}.Debug|x86.Build.0 = Debug|Win32
		{695BCE38-E151-4443-9F1E-08DF4470DAE6}.Release|Any CPU.ActiveCfg = Release|x64
		{695BCE38-E151-4443-9F1E-08DF4470DAE6}.Release|Any CPU.Build.0 = Release|x64
		{695BCE38-E151-4443-9F1E-08DF4470DAE6}.Release|x64.ActiveCfg = Release|x64
		{695BCE38-E151-4443-9F1E-08DF4470DAE6}.Release|x64.Build.0 = Release|x64
		{695BCE38-E151-4443-9F1E-08DF4470DAE6}.Release|x86.ActiveCfg = Release|Win32
		{695BCE38-E151-4443-9F1E-08DF4470DAE6}.Release|x86.Build.0 = Release|Win32
		{7FD07A23-B7A4-450B-9719-E3C0E8ACE5C3}.Debug|Any CPU.ActiveCfg = Debug|x64
		{7FD07A23-B7A4-450B-9719-E3C0E8ACE5C3}.Debug|Any CPU.Build.0 = Debug|x64
		{7FD07A23-B7A4-450B-9719-E3C0E8ACE5C3}.Debug|x64.ActiveCfg = Debug|x64
		{7FD07A23-B7A4-450B-9719-E3C0E8ACE5C3}.Debug|x64.Build.0 = Debug|x64
		{7FD07A23-B7A4-450B-9719-E3C0E8ACE5C3}.Debug|x86.ActiveCfg = Debug|Win32
		{7FD07A23-B7A4-450B-9719-E3C0E8ACE5C3}.Debug|x86.Build.0 = Debug|Win32
		{7FD07A23-B7A4-450B-9719-E3C0E8ACE5C3}.Release|Any CPU.ActiveCfg = Release|x64
		{7FD07A23-B7A4-450B-9719-E3C0E8ACE5C3}.Release|Any CPU.Build.0 = Release|x64
		{7FD07A23-B7A4-450B-9719-E3C0E8ACE5C3}.Release|x64.ActiveCfg = Release|x64
		{7FD07A23-B7A4-450B-9719-E3C0E8ACE5C3}.Release|x64.Build.0 = Release|x64
		{7FD07A23-B7A4-450B-9719-E3C0E8ACE5C3}.Release|x86.ActiveCfg = Release|Win32
		{7FD07A23-B7A4-450B-9719-E3C0E8ACE5C3}.Release|x86.Build.0 = Release|Win32
		{639AFCE1-47AD-4BB8-BADD-64777087DEED}.Debug|Any CPU.ActiveCfg = Debug|x64
		{639AFCE1-47AD-4BB8-BADD-64777087DEED}.Debug|Any CPU.Build.0 = Debug|x64
		{639AFCE1-47AD-4BB8-BADD-64777087DEED}.Debug|x64.ActiveCfg = Debug|x64
		{639AFCE1-47AD-4BB8-BADD-64777087DEED}.Debug|x64.Build.0 = Debug|x64
		{639AFCE1-47AD-4BB8-BADD-64777087DEED}.Debug|x86.ActiveCfg = Debug|Win32
		{639AFCE1-47AD-4BB8-BADD-64777087DEED}.Debug|x86.Build.0 = Debug|Win32
		{639AFCE1-47AD-4BB8-BADD-64777087DEED}.Release|Any CPU.ActiveCfg = Release|x64
		{639AFCE1-47AD-4BB8-BADD-64777087DEED}.Release|Any CPU.Build.0 = Release|x64
		{639AFCE1-47AD-4BB8-BADD-64777087DEED}.Release|x64.ActiveCfg = Release|x64
		{639AFCE1-47AD-4BB8-BADD-64777087DEED}.Release|x64.Build.0 = Release|x64
		{639AFCE1-47AD-4BB8-BADD-64777087DEED}.Release|x86.ActiveCfg = Release|Win32
		{639AFCE1-47AD-4BB8-BADD-64777087DEED}.Release|x86.Build.0 = Release|Win32
		{409F2144-0A24-4AD5-A023-3161B5A191B8}.Debug|Any CPU.ActiveCfg = Debug|x64
		{409F2144-0A24-4AD5-A023-3161B5A191B8}.Debug|Any CPU.Build.0 = Debug|x64
		{409F2144-0A24-4AD5-A023-3161B5A191B8}.Debug|x64.ActiveCfg = Debug|x64
		{409F2144-0A24-4AD5-A023-3161B5A191B8}.Debug|x64.Build.0 = Debug|x64
		{409F2144-0A24-4AD5-A023-3161B5A191B8}.Debug|x86.ActiveCfg = Debug|Win32
		{409F2144-0A24-4AD5-A023-3161B5A191B8}.Debug|x86.Build.0 = Debug|Win32
		{409F2144-0A24-4AD5-A023-3161B5A191B8}.Release|Any CPU.ActiveCfg = Release|x64
		{409F2144-0A24-4AD5-A023-3161B5A191B8}.Release|Any CPU.Build.0 = Release|x64
		{409F2144-0A24-4AD5-A023-3161B5A191B8}.Release|x64.ActiveCfg = Release|x64
		{409F2144-0A24-4AD5-A023-3161B5A191B8}.Release|x64.Build.0 = Release|x64
		{409F2144-0A24-4AD5-A023-3161B5A191B8}.Release|x86.ActiveCfg = Release|Win32
		{409F2144-0A24-4AD5-A023-3161B5A191B8}.Release|x86.Build.0 = Release|Win32
		{E5C9DDEB-2641-057A-31A3-194E71C69349}.Debug|Any CPU.ActiveCfg = Debug|Any CPU
		{E5C9DDEB-2641-057A-31A3-194E71C69349}.Debug|Any CPU.Build.0 = Debug|Any CPU
		{E5C9DDEB-2641-057A-31A3-194E71C69349}.Debug|x64.ActiveCfg = Debug|Any CPU
		{E5C9DDEB-2641-057A-31A3-194E71C69349}.Debug|x64.Build.0 = Debug|Any CPU
		{E5C9DDEB-2641-057A-31A3-194E71C69349}.Debug|x86.ActiveCfg = Debug|Any CPU
		{E5C9DDEB-2641-057A-31A3-194E71C69349}.Debug|x86.Build.0 = Debug|Any CPU
		{E5C9DDEB-2641-057A-31A3-194E71C69349}.Release|Any CPU.ActiveCfg = Release|Any CPU
		{E5C9DDEB-2641-057A-31A3-194E71C69349}.Release|Any CPU.Build.0 = Release|Any CPU
		{E5C9DDEB-2641-057A-31A3-194E71C69349}.Release|x64.ActiveCfg = Release|Any CPU
		{E5C9DDEB-2641-057A-31A3-194E71C69349}.Release|x64.Build.0 = Release|Any CPU
		{E5C9DDEB-2641-057A-31A3-194E71C69349}.Release|x86.ActiveCfg = Release|Any CPU
		{E5C9DDEB-2641-057A-31A3-194E71C69349}.Release|x86.Build.0 = Release|Any CPU
		{98D0365C-A01F-4C0C-A680-4592544C191A}.Debug|Any CPU.ActiveCfg = Debug|Any CPU
		{98D0365C-A01F-4C0C-A680-4592544C191A}.Debug|Any CPU.Build.0 = Debug|Any CPU
		{98D0365C-A01F-4C0C-A680-4592544C191A}.Debug|x64.ActiveCfg = Debug|Any CPU
		{98D0365C-A01F-4C0C-A680-4592544C191A}.Debug|x64.Build.0 = Debug|Any CPU
		{98D0365C-A01F-4C0C-A680-4592544C191A}.Debug|x86.ActiveCfg = Debug|Any CPU
		{98D0365C-A01F-4C0C-A680-4592544C191A}.Debug|x86.Build.0 = Debug|Any CPU
		{98D0365C-A01F-4C0C-A680-4592544C191A}.Release|Any CPU.ActiveCfg = Release|Any CPU
		{98D0365C-A01F-4C0C-A680-4592544C191A}.Release|Any CPU.Build.0 = Release|Any CPU
		{98D0365C-A01F-4C0C-A680-4592544C191A}.Release|x64.ActiveCfg = Release|Any CPU
		{98D0365C-A01F-4C0C-A680-4592544C191A}.Release|x64.Build.0 = Release|Any CPU
		{98D0365C-A01F-4C0C-A680-4592544C191A}.Release|x86.ActiveCfg = Release|Any CPU
		{98D0365C-A01F-4C0C-A680-4592544C191A}.Release|x86.Build.0 = Release|Any CPU
		{98E8604E-76C9-40FA-9AD2-E51001E45273}.Debug|Any CPU.ActiveCfg = Debug|x64
		{98E8604E-76C9-40FA-9AD2-E51001E45273}.Debug|Any CPU.Build.0 = Debug|x64
		{98E8604E-76C9-40FA-9AD2-E51001E45273}.Debug|x64.ActiveCfg = Debug|x64
		{98E8604E-76C9-40FA-9AD2-E51001E45273}.Debug|x64.Build.0 = Debug|x64
		{98E8604E-76C9-40FA-9AD2-E51001E45273}.Debug|x86.ActiveCfg = Debug|Win32
		{98E8604E-76C9-40FA-9AD2-E51001E45273}.Debug|x86.Build.0 = Debug|Win32
		{98E8604E-76C9-40FA-9AD2-E51001E45273}.Release|Any CPU.ActiveCfg = Release|x64
		{98E8604E-76C9-40FA-9AD2-E51001E45273}.Release|Any CPU.Build.0 = Release|x64
		{98E8604E-76C9-40FA-9AD2-E51001E45273}.Release|x64.ActiveCfg = Release|x64
		{98E8604E-76C9-40FA-9AD2-E51001E45273}.Release|x64.Build.0 = Release|x64
		{98E8604E-76C9-40FA-9AD2-E51001E45273}.Release|x86.ActiveCfg = Release|Win32
		{98E8604E-76C9-40FA-9AD2-E51001E45273}.Release|x86.Build.0 = Release|Win32
		{060E6E83-0D06-4720-947B-480C7C0A16E1}.Debug|Any CPU.ActiveCfg = Debug|Any CPU
		{060E6E83-0D06-4720-947B-480C7C0A16E1}.Debug|Any CPU.Build.0 = Debug|Any CPU
		{060E6E83-0D06-4720-947B-480C7C0A16E1}.Debug|x64.ActiveCfg = Debug|Any CPU
		{060E6E83-0D06-4720-947B-480C7C0A16E1}.Debug|x64.Build.0 = Debug|Any CPU
		{060E6E83-0D06-4720-947B-480C7C0A16E1}.Debug|x86.ActiveCfg = Debug|Any CPU
		{060E6E83-0D06-4720-947B-480C7C0A16E1}.Debug|x86.Build.0 = Debug|Any CPU
		{060E6E83-0D06-4720-947B-480C7C0A16E1}.Release|Any CPU.ActiveCfg = Release|Any CPU
		{060E6E83-0D06-4720-947B-480C7C0A16E1}.Release|Any CPU.Build.0 = Release|Any CPU
		{060E6E83-0D06-4720-947B-480C7C0A16E1}.Release|x64.ActiveCfg = Release|Any CPU
		{060E6E83-0D06-4720-947B-480C7C0A16E1}.Release|x64.Build.0 = Release|Any CPU
		{060E6E83-0D06-4720-947B-480C7C0A16E1}.Release|x86.ActiveCfg = Release|Any CPU
		{060E6E83-0D06-4720-947B-480C7C0A16E1}.Release|x86.Build.0 = Release|Any CPU
	EndGlobalSection
	GlobalSection(SolutionProperties) = preSolution
		HideSolutionNode = FALSE
	EndGlobalSection
	GlobalSection(NestedProjects) = preSolution
		{C49DBE53-3252-453C-A58C-20DF17FF4347} = {4FEFC41E-DFF3-49FE-99D9-F652641A174D}
		{6773757A-D48B-442B-8A0A-40855144E884} = {4FEFC41E-DFF3-49FE-99D9-F652641A174D}
		{54935651-3AFF-417F-9F4E-8C53B405AB8D} = {4FEFC41E-DFF3-49FE-99D9-F652641A174D}
		{B47D34BE-6EF3-4C9B-92B6-A63DBF1A24DF} = {4FEFC41E-DFF3-49FE-99D9-F652641A174D}
		{15D18526-A2C3-4005-B198-F2E36E9AB902} = {4FEFC41E-DFF3-49FE-99D9-F652641A174D}
		{7116EEF6-7189-4ACC-9C57-C34E8E26D057} = {4FEFC41E-DFF3-49FE-99D9-F652641A174D}
		{C4EC3C60-D75D-4875-8467-9D569E137624} = {4FEFC41E-DFF3-49FE-99D9-F652641A174D}
		{6DB1C6D7-CF91-41FB-B114-C13DB6A3FA70} = {4FEFC41E-DFF3-49FE-99D9-F652641A174D}
		{760F43D9-60F3-4635-83CD-27705F6B9D49} = {4FEFC41E-DFF3-49FE-99D9-F652641A174D}
		{69B0DC0E-9315-4D0B-9268-EB08B8098D78} = {4FEFC41E-DFF3-49FE-99D9-F652641A174D}
		{BB18692E-1865-4510-960C-707244F1BC8E} = {4FEFC41E-DFF3-49FE-99D9-F652641A174D}
		{4E5FB5FD-9B2F-4B6D-B360-68695393DF57} = {4FEFC41E-DFF3-49FE-99D9-F652641A174D}
		{20919027-BEF8-41A1-868D-D42CD16328FA} = {4FEFC41E-DFF3-49FE-99D9-F652641A174D}
		{FFB6CE06-2098-4E1F-8254-0896B32AF618} = {4FEFC41E-DFF3-49FE-99D9-F652641A174D}
		{8FC76096-182B-4314-9DFA-FCDA44366657} = {4FEFC41E-DFF3-49FE-99D9-F652641A174D}
		{76B88AF1-589B-4D91-8203-0ABE1EF71E57} = {4FEFC41E-DFF3-49FE-99D9-F652641A174D}
		{695BCE38-E151-4443-9F1E-08DF4470DAE6} = {4FEFC41E-DFF3-49FE-99D9-F652641A174D}
		{7FD07A23-B7A4-450B-9719-E3C0E8ACE5C3} = {4FEFC41E-DFF3-49FE-99D9-F652641A174D}
		{639AFCE1-47AD-4BB8-BADD-64777087DEED} = {4FEFC41E-DFF3-49FE-99D9-F652641A174D}
		{409F2144-0A24-4AD5-A023-3161B5A191B8} = {4FEFC41E-DFF3-49FE-99D9-F652641A174D}
		{E5C9DDEB-2641-057A-31A3-194E71C69349} = {4FEFC41E-DFF3-49FE-99D9-F652641A174D}
		{98D0365C-A01F-4C0C-A680-4592544C191A} = {70510AB6-B338-4844-B577-16635CF49666}
		{98E8604E-76C9-40FA-9AD2-E51001E45273} = {4FEFC41E-DFF3-49FE-99D9-F652641A174D}
		{060E6E83-0D06-4720-947B-480C7C0A16E1} = {70510AB6-B338-4844-B577-16635CF49666}
	EndGlobalSection
	GlobalSection(ExtensibilityGlobals) = postSolution
		SolutionGuid = {29D8D502-7FBB-4DBB-93FC-38007E2B1406}
	EndGlobalSection
EndGlobal
